// !$*UTF8*$!
{
	archiveVersion = 1;
	classes = {
	};
	objectVersion = 46;
	objects = {

/* Begin PBXBuildFile section */
		212F3D931DA5E9D200B63D37 /* MainViewController.m in Sources */ = {isa = PBXBuildFile; fileRef = 212F3D911DA5E9D200B63D37 /* MainViewController.m */; };
		212F3D941DA5E9D200B63D37 /* MainViewController.xib in Resources */ = {isa = PBXBuildFile; fileRef = 212F3D921DA5E9D200B63D37 /* MainViewController.xib */; };
		21BA069A1D94E54D00F1FACA /* AFHTTPSessionManager.m in Sources */ = {isa = PBXBuildFile; fileRef = 21BA06051D94E54D00F1FACA /* AFHTTPSessionManager.m */; };
		21BA069B1D94E54D00F1FACA /* AFNetworkReachabilityManager.m in Sources */ = {isa = PBXBuildFile; fileRef = 21BA06081D94E54D00F1FACA /* AFNetworkReachabilityManager.m */; };
		21BA069C1D94E54D00F1FACA /* AFSecurityPolicy.m in Sources */ = {isa = PBXBuildFile; fileRef = 21BA060A1D94E54D00F1FACA /* AFSecurityPolicy.m */; };
		21BA069D1D94E54D00F1FACA /* AFURLRequestSerialization.m in Sources */ = {isa = PBXBuildFile; fileRef = 21BA060C1D94E54D00F1FACA /* AFURLRequestSerialization.m */; };
		21BA069E1D94E54D00F1FACA /* AFURLResponseSerialization.m in Sources */ = {isa = PBXBuildFile; fileRef = 21BA060E1D94E54D00F1FACA /* AFURLResponseSerialization.m */; };
		21BA069F1D94E54D00F1FACA /* AFURLSessionManager.m in Sources */ = {isa = PBXBuildFile; fileRef = 21BA06101D94E54D00F1FACA /* AFURLSessionManager.m */; };
		21BA06A01D94E54D00F1FACA /* LICENSE in Resources */ = {isa = PBXBuildFile; fileRef = 21BA06111D94E54D00F1FACA /* LICENSE */; };
		21BA06A11D94E54D00F1FACA /* README.md in Sources */ = {isa = PBXBuildFile; fileRef = 21BA06121D94E54D00F1FACA /* README.md */; };
		21BA06A21D94E54D00F1FACA /* AFAutoPurgingImageCache.m in Sources */ = {isa = PBXBuildFile; fileRef = 21BA06151D94E54D00F1FACA /* AFAutoPurgingImageCache.m */; };
		21BA06A31D94E54D00F1FACA /* AFImageDownloader.m in Sources */ = {isa = PBXBuildFile; fileRef = 21BA06171D94E54D00F1FACA /* AFImageDownloader.m */; };
		21BA06A41D94E54D00F1FACA /* AFNetworkActivityIndicatorManager.m in Sources */ = {isa = PBXBuildFile; fileRef = 21BA06191D94E54D00F1FACA /* AFNetworkActivityIndicatorManager.m */; };
		21BA06A51D94E54D00F1FACA /* UIActivityIndicatorView+AFNetworking.m in Sources */ = {isa = PBXBuildFile; fileRef = 21BA061B1D94E54D00F1FACA /* UIActivityIndicatorView+AFNetworking.m */; };
		21BA06A61D94E54D00F1FACA /* UIButton+AFNetworking.m in Sources */ = {isa = PBXBuildFile; fileRef = 21BA061D1D94E54D00F1FACA /* UIButton+AFNetworking.m */; };
		21BA06A71D94E54D00F1FACA /* UIImageView+AFNetworking.m in Sources */ = {isa = PBXBuildFile; fileRef = 21BA06201D94E54D00F1FACA /* UIImageView+AFNetworking.m */; };
		21BA06A81D94E54D00F1FACA /* UIProgressView+AFNetworking.m in Sources */ = {isa = PBXBuildFile; fileRef = 21BA06231D94E54D00F1FACA /* UIProgressView+AFNetworking.m */; };
		21BA06A91D94E54D00F1FACA /* UIRefreshControl+AFNetworking.m in Sources */ = {isa = PBXBuildFile; fileRef = 21BA06251D94E54D00F1FACA /* UIRefreshControl+AFNetworking.m */; };
		21BA06AA1D94E54D00F1FACA /* UIWebView+AFNetworking.m in Sources */ = {isa = PBXBuildFile; fileRef = 21BA06271D94E54D00F1FACA /* UIWebView+AFNetworking.m */; };
		21BA06AB1D94E54D00F1FACA /* MBProgressHUD+MJ.m in Sources */ = {isa = PBXBuildFile; fileRef = 21BA062A1D94E54D00F1FACA /* MBProgressHUD+MJ.m */; };
		21BA06AC1D94E54D00F1FACA /* MBProgressHUD.bundle in Resources */ = {isa = PBXBuildFile; fileRef = 21BA062B1D94E54D00F1FACA /* MBProgressHUD.bundle */; };
		21BA06AD1D94E54D00F1FACA /* MBProgressHUD.m in Sources */ = {isa = PBXBuildFile; fileRef = 21BA062D1D94E54D00F1FACA /* MBProgressHUD.m */; };
		21BA06AE1D94E54D00F1FACA /* LICENSE in Resources */ = {isa = PBXBuildFile; fileRef = 21BA062F1D94E54D00F1FACA /* LICENSE */; };
		21BA06AF1D94E54D00F1FACA /* MJExtensionConst.m in Sources */ = {isa = PBXBuildFile; fileRef = 21BA06331D94E54D00F1FACA /* MJExtensionConst.m */; };
		21BA06B01D94E54D00F1FACA /* MJFoundation.m in Sources */ = {isa = PBXBuildFile; fileRef = 21BA06351D94E54D00F1FACA /* MJFoundation.m */; };
		21BA06B11D94E54D00F1FACA /* MJProperty.m in Sources */ = {isa = PBXBuildFile; fileRef = 21BA06371D94E54D00F1FACA /* MJProperty.m */; };
		21BA06B21D94E54D00F1FACA /* MJPropertyKey.m in Sources */ = {isa = PBXBuildFile; fileRef = 21BA06391D94E54D00F1FACA /* MJPropertyKey.m */; };
		21BA06B31D94E54D00F1FACA /* MJPropertyType.m in Sources */ = {isa = PBXBuildFile; fileRef = 21BA063B1D94E54D00F1FACA /* MJPropertyType.m */; };
		21BA06B41D94E54D00F1FACA /* NSObject+MJClass.m in Sources */ = {isa = PBXBuildFile; fileRef = 21BA063D1D94E54D00F1FACA /* NSObject+MJClass.m */; };
		21BA06B51D94E54D00F1FACA /* NSObject+MJCoding.m in Sources */ = {isa = PBXBuildFile; fileRef = 21BA063F1D94E54D00F1FACA /* NSObject+MJCoding.m */; };
		21BA06B61D94E54D00F1FACA /* NSObject+MJKeyValue.m in Sources */ = {isa = PBXBuildFile; fileRef = 21BA06411D94E54D00F1FACA /* NSObject+MJKeyValue.m */; };
		21BA06B71D94E54D00F1FACA /* NSObject+MJProperty.m in Sources */ = {isa = PBXBuildFile; fileRef = 21BA06431D94E54D00F1FACA /* NSObject+MJProperty.m */; };
		21BA06B81D94E54D00F1FACA /* NSString+MJExtension.m in Sources */ = {isa = PBXBuildFile; fileRef = 21BA06451D94E54D00F1FACA /* NSString+MJExtension.m */; };
		21BA06B91D94E54D00F1FACA /* README.md in Sources */ = {isa = PBXBuildFile; fileRef = 21BA06461D94E54D00F1FACA /* README.md */; };
		21BA06BA1D94E54D00F1FACA /* LICENSE in Resources */ = {isa = PBXBuildFile; fileRef = 21BA06481D94E54D00F1FACA /* LICENSE */; };
		21BA06BB1D94E54D00F1FACA /* MJRefreshAutoFooter.m in Sources */ = {isa = PBXBuildFile; fileRef = 21BA064C1D94E54D00F1FACA /* MJRefreshAutoFooter.m */; };
		21BA06BC1D94E54D00F1FACA /* MJRefreshBackFooter.m in Sources */ = {isa = PBXBuildFile; fileRef = 21BA064E1D94E54D00F1FACA /* MJRefreshBackFooter.m */; };
		21BA06BD1D94E54D00F1FACA /* MJRefreshComponent.m in Sources */ = {isa = PBXBuildFile; fileRef = 21BA06501D94E54D00F1FACA /* MJRefreshComponent.m */; };
		21BA06BE1D94E54D00F1FACA /* MJRefreshFooter.m in Sources */ = {isa = PBXBuildFile; fileRef = 21BA06521D94E54D00F1FACA /* MJRefreshFooter.m */; };
		21BA06BF1D94E54D00F1FACA /* MJRefreshHeader.m in Sources */ = {isa = PBXBuildFile; fileRef = 21BA06541D94E54D00F1FACA /* MJRefreshHeader.m */; };
		21BA06C01D94E54D00F1FACA /* MJRefreshAutoGifFooter.m in Sources */ = {isa = PBXBuildFile; fileRef = 21BA06591D94E54D00F1FACA /* MJRefreshAutoGifFooter.m */; };
		21BA06C11D94E54D00F1FACA /* MJRefreshAutoNormalFooter.m in Sources */ = {isa = PBXBuildFile; fileRef = 21BA065B1D94E54D00F1FACA /* MJRefreshAutoNormalFooter.m */; };
		21BA06C21D94E54D00F1FACA /* MJRefreshAutoStateFooter.m in Sources */ = {isa = PBXBuildFile; fileRef = 21BA065D1D94E54D00F1FACA /* MJRefreshAutoStateFooter.m */; };
		21BA06C31D94E54D00F1FACA /* MJRefreshBackGifFooter.m in Sources */ = {isa = PBXBuildFile; fileRef = 21BA06601D94E54D00F1FACA /* MJRefreshBackGifFooter.m */; };
		21BA06C41D94E54D00F1FACA /* MJRefreshBackNormalFooter.m in Sources */ = {isa = PBXBuildFile; fileRef = 21BA06621D94E54D00F1FACA /* MJRefreshBackNormalFooter.m */; };
		21BA06C51D94E54D00F1FACA /* MJRefreshBackStateFooter.m in Sources */ = {isa = PBXBuildFile; fileRef = 21BA06641D94E54D00F1FACA /* MJRefreshBackStateFooter.m */; };
		21BA06C61D94E54D00F1FACA /* MJRefreshGifHeader.m in Sources */ = {isa = PBXBuildFile; fileRef = 21BA06671D94E54D00F1FACA /* MJRefreshGifHeader.m */; };
		21BA06C71D94E54D00F1FACA /* MJRefreshNormalHeader.m in Sources */ = {isa = PBXBuildFile; fileRef = 21BA06691D94E54D00F1FACA /* MJRefreshNormalHeader.m */; };
		21BA06C81D94E54D00F1FACA /* MJRefreshStateHeader.m in Sources */ = {isa = PBXBuildFile; fileRef = 21BA066B1D94E54D00F1FACA /* MJRefreshStateHeader.m */; };
		21BA06C91D94E54D00F1FACA /* MJRefresh.bundle in Resources */ = {isa = PBXBuildFile; fileRef = 21BA066C1D94E54D00F1FACA /* MJRefresh.bundle */; };
		21BA06CA1D94E54D00F1FACA /* MJRefreshConst.m in Sources */ = {isa = PBXBuildFile; fileRef = 21BA066F1D94E54D00F1FACA /* MJRefreshConst.m */; };
		21BA06CB1D94E54D00F1FACA /* NSBundle+MJRefresh.m in Sources */ = {isa = PBXBuildFile; fileRef = 21BA06711D94E54D00F1FACA /* NSBundle+MJRefresh.m */; };
		21BA06CC1D94E54D00F1FACA /* UIScrollView+MJExtension.m in Sources */ = {isa = PBXBuildFile; fileRef = 21BA06731D94E54D00F1FACA /* UIScrollView+MJExtension.m */; };
		21BA06CD1D94E54D00F1FACA /* UIScrollView+MJRefresh.m in Sources */ = {isa = PBXBuildFile; fileRef = 21BA06751D94E54D00F1FACA /* UIScrollView+MJRefresh.m */; };
		21BA06CE1D94E54D00F1FACA /* UIView+MJExtension.m in Sources */ = {isa = PBXBuildFile; fileRef = 21BA06771D94E54D00F1FACA /* UIView+MJExtension.m */; };
		21BA06CF1D94E54D00F1FACA /* README.md in Sources */ = {isa = PBXBuildFile; fileRef = 21BA06781D94E54D00F1FACA /* README.md */; };
		21BA06D01D94E54D00F1FACA /* LICENSE in Resources */ = {isa = PBXBuildFile; fileRef = 21BA067A1D94E54D00F1FACA /* LICENSE */; };
		21BA06D11D94E54D00F1FACA /* README.md in Sources */ = {isa = PBXBuildFile; fileRef = 21BA067B1D94E54D00F1FACA /* README.md */; };
		21BA06D21D94E54D00F1FACA /* NSData+ImageContentType.m in Sources */ = {isa = PBXBuildFile; fileRef = 21BA067E1D94E54D00F1FACA /* NSData+ImageContentType.m */; };
		21BA06D31D94E54D00F1FACA /* SDImageCache.m in Sources */ = {isa = PBXBuildFile; fileRef = 21BA06801D94E54D00F1FACA /* SDImageCache.m */; };
		21BA06D41D94E54D00F1FACA /* SDWebImageCompat.m in Sources */ = {isa = PBXBuildFile; fileRef = 21BA06821D94E54D00F1FACA /* SDWebImageCompat.m */; };
		21BA06D51D94E54D00F1FACA /* SDWebImageDecoder.m in Sources */ = {isa = PBXBuildFile; fileRef = 21BA06841D94E54D00F1FACA /* SDWebImageDecoder.m */; };
		21BA06D61D94E54D00F1FACA /* SDWebImageDownloader.m in Sources */ = {isa = PBXBuildFile; fileRef = 21BA06861D94E54D00F1FACA /* SDWebImageDownloader.m */; };
		21BA06D71D94E54D00F1FACA /* SDWebImageDownloaderOperation.m in Sources */ = {isa = PBXBuildFile; fileRef = 21BA06881D94E54D00F1FACA /* SDWebImageDownloaderOperation.m */; };
		21BA06D81D94E54D00F1FACA /* SDWebImageManager.m in Sources */ = {isa = PBXBuildFile; fileRef = 21BA068A1D94E54D00F1FACA /* SDWebImageManager.m */; };
		21BA06D91D94E54D00F1FACA /* SDWebImagePrefetcher.m in Sources */ = {isa = PBXBuildFile; fileRef = 21BA068D1D94E54D00F1FACA /* SDWebImagePrefetcher.m */; };
		21BA06DA1D94E54D00F1FACA /* UIButton+WebCache.m in Sources */ = {isa = PBXBuildFile; fileRef = 21BA068F1D94E54D00F1FACA /* UIButton+WebCache.m */; };
		21BA06DB1D94E54D00F1FACA /* UIImage+GIF.m in Sources */ = {isa = PBXBuildFile; fileRef = 21BA06911D94E54D00F1FACA /* UIImage+GIF.m */; };
		21BA06DC1D94E54D00F1FACA /* UIImage+MultiFormat.m in Sources */ = {isa = PBXBuildFile; fileRef = 21BA06931D94E54D00F1FACA /* UIImage+MultiFormat.m */; };
		21BA06DD1D94E54D00F1FACA /* UIImageView+HighlightedWebCache.m in Sources */ = {isa = PBXBuildFile; fileRef = 21BA06951D94E54D00F1FACA /* UIImageView+HighlightedWebCache.m */; };
		21BA06DE1D94E54D00F1FACA /* UIImageView+WebCache.m in Sources */ = {isa = PBXBuildFile; fileRef = 21BA06971D94E54D00F1FACA /* UIImageView+WebCache.m */; };
		21BA06DF1D94E54D00F1FACA /* UIView+WebCacheOperation.m in Sources */ = {isa = PBXBuildFile; fileRef = 21BA06991D94E54D00F1FACA /* UIView+WebCacheOperation.m */; };
		21BA06FD1D94E5F600F1FACA /* LICENSE in Resources */ = {isa = PBXBuildFile; fileRef = 21BA06E11D94E5F600F1FACA /* LICENSE */; };
		21BA06FE1D94E5F600F1FACA /* MASCompositeConstraint.m in Sources */ = {isa = PBXBuildFile; fileRef = 21BA06E41D94E5F600F1FACA /* MASCompositeConstraint.m */; };
		21BA06FF1D94E5F600F1FACA /* MASConstraint.m in Sources */ = {isa = PBXBuildFile; fileRef = 21BA06E71D94E5F600F1FACA /* MASConstraint.m */; };
		21BA07001D94E5F600F1FACA /* MASConstraintMaker.m in Sources */ = {isa = PBXBuildFile; fileRef = 21BA06E91D94E5F600F1FACA /* MASConstraintMaker.m */; };
		21BA07011D94E5F600F1FACA /* MASLayoutConstraint.m in Sources */ = {isa = PBXBuildFile; fileRef = 21BA06EB1D94E5F600F1FACA /* MASLayoutConstraint.m */; };
		21BA07021D94E5F600F1FACA /* MASViewAttribute.m in Sources */ = {isa = PBXBuildFile; fileRef = 21BA06EF1D94E5F600F1FACA /* MASViewAttribute.m */; };
		21BA07031D94E5F600F1FACA /* MASViewConstraint.m in Sources */ = {isa = PBXBuildFile; fileRef = 21BA06F11D94E5F600F1FACA /* MASViewConstraint.m */; };
		21BA07041D94E5F600F1FACA /* NSArray+MASAdditions.m in Sources */ = {isa = PBXBuildFile; fileRef = 21BA06F31D94E5F600F1FACA /* NSArray+MASAdditions.m */; };
		21BA07051D94E5F600F1FACA /* NSLayoutConstraint+MASDebugAdditions.m in Sources */ = {isa = PBXBuildFile; fileRef = 21BA06F61D94E5F600F1FACA /* NSLayoutConstraint+MASDebugAdditions.m */; };
		21BA07061D94E5F600F1FACA /* View+MASAdditions.m in Sources */ = {isa = PBXBuildFile; fileRef = 21BA06F81D94E5F600F1FACA /* View+MASAdditions.m */; };
		21BA07071D94E5F600F1FACA /* ViewController+MASAdditions.m in Sources */ = {isa = PBXBuildFile; fileRef = 21BA06FB1D94E5F600F1FACA /* ViewController+MASAdditions.m */; };
		21BA07081D94E5F600F1FACA /* README.md in Sources */ = {isa = PBXBuildFile; fileRef = 21BA06FC1D94E5F600F1FACA /* README.md */; };
		21BA070B1D94E7B000F1FACA /* BaseTabBarController.m in Sources */ = {isa = PBXBuildFile; fileRef = 21BA070A1D94E7B000F1FACA /* BaseTabBarController.m */; };
		21BA070E1D94ED7700F1FACA /* BaseViewController.m in Sources */ = {isa = PBXBuildFile; fileRef = 21BA070D1D94ED7700F1FACA /* BaseViewController.m */; };
		21CD08151D94CF0F00B83D45 /* main.m in Sources */ = {isa = PBXBuildFile; fileRef = 21CD08141D94CF0F00B83D45 /* main.m */; };
		21CD08181D94CF0F00B83D45 /* AppDelegate.m in Sources */ = {isa = PBXBuildFile; fileRef = 21CD08171D94CF0F00B83D45 /* AppDelegate.m */; };
		21CD081B1D94CF0F00B83D45 /* ViewController.m in Sources */ = {isa = PBXBuildFile; fileRef = 21CD081A1D94CF0F00B83D45 /* ViewController.m */; };
		21CD081E1D94CF0F00B83D45 /* Main.storyboard in Resources */ = {isa = PBXBuildFile; fileRef = 21CD081C1D94CF0F00B83D45 /* Main.storyboard */; };
		21CD08201D94CF0F00B83D45 /* Assets.xcassets in Resources */ = {isa = PBXBuildFile; fileRef = 21CD081F1D94CF0F00B83D45 /* Assets.xcassets */; };
		21CD08231D94CF0F00B83D45 /* LaunchScreen.storyboard in Resources */ = {isa = PBXBuildFile; fileRef = 21CD08211D94CF0F00B83D45 /* LaunchScreen.storyboard */; };
		21CD082E1D94CF0F00B83D45 /* GLinkTests.m in Sources */ = {isa = PBXBuildFile; fileRef = 21CD082D1D94CF0F00B83D45 /* GLinkTests.m */; };
		21CD08391D94CF0F00B83D45 /* GLinkUITests.m in Sources */ = {isa = PBXBuildFile; fileRef = 21CD08381D94CF0F00B83D45 /* GLinkUITests.m */; };
		21CD086D1D94D02F00B83D45 /* local.strings in Resources */ = {isa = PBXBuildFile; fileRef = 21CD08611D94D02F00B83D45 /* local.strings */; };
		21CD08761D94DAFD00B83D45 /* BaseNavtionController.m in Sources */ = {isa = PBXBuildFile; fileRef = 21CD08751D94DAFD00B83D45 /* BaseNavtionController.m */; };
		21CD087A1D94DB7100B83D45 /* UIBarButtonItem+LH.m in Sources */ = {isa = PBXBuildFile; fileRef = 21CD08791D94DB7100B83D45 /* UIBarButtonItem+LH.m */; };
		21CD087D1D94DC0800B83D45 /* UIButton+Extension.m in Sources */ = {isa = PBXBuildFile; fileRef = 21CD087C1D94DC0800B83D45 /* UIButton+Extension.m */; };
		21CD08801D94DCA700B83D45 /* UIDevice+Extension.m in Sources */ = {isa = PBXBuildFile; fileRef = 21CD087F1D94DCA700B83D45 /* UIDevice+Extension.m */; };
		21CD08831D94DCDD00B83D45 /* UIImage+Extension.m in Sources */ = {isa = PBXBuildFile; fileRef = 21CD08821D94DCDD00B83D45 /* UIImage+Extension.m */; };
		21CD08861D94DCF300B83D45 /* UIViewController+Extension.m in Sources */ = {isa = PBXBuildFile; fileRef = 21CD08851D94DCF300B83D45 /* UIViewController+Extension.m */; };
		21CD08891D94DD0400B83D45 /* UIImageView+Extension.m in Sources */ = {isa = PBXBuildFile; fileRef = 21CD08881D94DD0400B83D45 /* UIImageView+Extension.m */; };
		21CD088C1D94DD1900B83D45 /* UIView+Extension.m in Sources */ = {isa = PBXBuildFile; fileRef = 21CD088B1D94DD1900B83D45 /* UIView+Extension.m */; };
		21D789161D966D3F002559D1 /* UIViewController+XQToast.m in Sources */ = {isa = PBXBuildFile; fileRef = 21D789131D966D3E002559D1 /* UIViewController+XQToast.m */; };
		21D7891A1D966DA1002559D1 /* ToastView.m in Sources */ = {isa = PBXBuildFile; fileRef = 21D789181D966DA1002559D1 /* ToastView.m */; };
		21D7891B1D966DA1002559D1 /* ToastView.xib in Resources */ = {isa = PBXBuildFile; fileRef = 21D789191D966DA1002559D1 /* ToastView.xib */; };
		21D789341D967FE5002559D1 /* libsqlite3.0.tbd in Frameworks */ = {isa = PBXBuildFile; fileRef = 21D789331D967FE5002559D1 /* libsqlite3.0.tbd */; };
/* End PBXBuildFile section */

/* Begin PBXContainerItemProxy section */
		21CD082A1D94CF0F00B83D45 /* PBXContainerItemProxy */ = {
			isa = PBXContainerItemProxy;
			containerPortal = 21CD08081D94CF0F00B83D45 /* Project object */;
			proxyType = 1;
			remoteGlobalIDString = 21CD080F1D94CF0F00B83D45;
			remoteInfo = GLink;
		};
		21CD08351D94CF0F00B83D45 /* PBXContainerItemProxy */ = {
			isa = PBXContainerItemProxy;
			containerPortal = 21CD08081D94CF0F00B83D45 /* Project object */;
			proxyType = 1;
			remoteGlobalIDString = 21CD080F1D94CF0F00B83D45;
			remoteInfo = GLink;
		};
/* End PBXContainerItemProxy section */

/* Begin PBXFileReference section */
		212F3D901DA5E9D200B63D37 /* MainViewController.h */ = {isa = PBXFileReference; fileEncoding = 4; lastKnownFileType = sourcecode.c.h; path = MainViewController.h; sourceTree = "<group>"; };
		212F3D911DA5E9D200B63D37 /* MainViewController.m */ = {isa = PBXFileReference; fileEncoding = 4; lastKnownFileType = sourcecode.c.objc; path = MainViewController.m; sourceTree = "<group>"; };
		212F3D921DA5E9D200B63D37 /* MainViewController.xib */ = {isa = PBXFileReference; fileEncoding = 4; lastKnownFileType = file.xib; path = MainViewController.xib; sourceTree = "<group>"; };
		21BA06041D94E54D00F1FACA /* AFHTTPSessionManager.h */ = {isa = PBXFileReference; fileEncoding = 4; lastKnownFileType = sourcecode.c.h; path = AFHTTPSessionManager.h; sourceTree = "<group>"; };
		21BA06051D94E54D00F1FACA /* AFHTTPSessionManager.m */ = {isa = PBXFileReference; fileEncoding = 4; lastKnownFileType = sourcecode.c.objc; path = AFHTTPSessionManager.m; sourceTree = "<group>"; };
		21BA06061D94E54D00F1FACA /* AFNetworking.h */ = {isa = PBXFileReference; fileEncoding = 4; lastKnownFileType = sourcecode.c.h; path = AFNetworking.h; sourceTree = "<group>"; };
		21BA06071D94E54D00F1FACA /* AFNetworkReachabilityManager.h */ = {isa = PBXFileReference; fileEncoding = 4; lastKnownFileType = sourcecode.c.h; path = AFNetworkReachabilityManager.h; sourceTree = "<group>"; };
		21BA06081D94E54D00F1FACA /* AFNetworkReachabilityManager.m */ = {isa = PBXFileReference; fileEncoding = 4; lastKnownFileType = sourcecode.c.objc; path = AFNetworkReachabilityManager.m; sourceTree = "<group>"; };
		21BA06091D94E54D00F1FACA /* AFSecurityPolicy.h */ = {isa = PBXFileReference; fileEncoding = 4; lastKnownFileType = sourcecode.c.h; path = AFSecurityPolicy.h; sourceTree = "<group>"; };
		21BA060A1D94E54D00F1FACA /* AFSecurityPolicy.m */ = {isa = PBXFileReference; fileEncoding = 4; lastKnownFileType = sourcecode.c.objc; path = AFSecurityPolicy.m; sourceTree = "<group>"; };
		21BA060B1D94E54D00F1FACA /* AFURLRequestSerialization.h */ = {isa = PBXFileReference; fileEncoding = 4; lastKnownFileType = sourcecode.c.h; path = AFURLRequestSerialization.h; sourceTree = "<group>"; };
		21BA060C1D94E54D00F1FACA /* AFURLRequestSerialization.m */ = {isa = PBXFileReference; fileEncoding = 4; lastKnownFileType = sourcecode.c.objc; path = AFURLRequestSerialization.m; sourceTree = "<group>"; };
		21BA060D1D94E54D00F1FACA /* AFURLResponseSerialization.h */ = {isa = PBXFileReference; fileEncoding = 4; lastKnownFileType = sourcecode.c.h; path = AFURLResponseSerialization.h; sourceTree = "<group>"; };
		21BA060E1D94E54D00F1FACA /* AFURLResponseSerialization.m */ = {isa = PBXFileReference; fileEncoding = 4; lastKnownFileType = sourcecode.c.objc; path = AFURLResponseSerialization.m; sourceTree = "<group>"; };
		21BA060F1D94E54D00F1FACA /* AFURLSessionManager.h */ = {isa = PBXFileReference; fileEncoding = 4; lastKnownFileType = sourcecode.c.h; path = AFURLSessionManager.h; sourceTree = "<group>"; };
		21BA06101D94E54D00F1FACA /* AFURLSessionManager.m */ = {isa = PBXFileReference; fileEncoding = 4; lastKnownFileType = sourcecode.c.objc; path = AFURLSessionManager.m; sourceTree = "<group>"; };
		21BA06111D94E54D00F1FACA /* LICENSE */ = {isa = PBXFileReference; fileEncoding = 4; lastKnownFileType = text; path = LICENSE; sourceTree = "<group>"; };
		21BA06121D94E54D00F1FACA /* README.md */ = {isa = PBXFileReference; fileEncoding = 4; lastKnownFileType = net.daringfireball.markdown; path = README.md; sourceTree = "<group>"; };
		21BA06141D94E54D00F1FACA /* AFAutoPurgingImageCache.h */ = {isa = PBXFileReference; fileEncoding = 4; lastKnownFileType = sourcecode.c.h; path = AFAutoPurgingImageCache.h; sourceTree = "<group>"; };
		21BA06151D94E54D00F1FACA /* AFAutoPurgingImageCache.m */ = {isa = PBXFileReference; fileEncoding = 4; lastKnownFileType = sourcecode.c.objc; path = AFAutoPurgingImageCache.m; sourceTree = "<group>"; };
		21BA06161D94E54D00F1FACA /* AFImageDownloader.h */ = {isa = PBXFileReference; fileEncoding = 4; lastKnownFileType = sourcecode.c.h; path = AFImageDownloader.h; sourceTree = "<group>"; };
		21BA06171D94E54D00F1FACA /* AFImageDownloader.m */ = {isa = PBXFileReference; fileEncoding = 4; lastKnownFileType = sourcecode.c.objc; path = AFImageDownloader.m; sourceTree = "<group>"; };
		21BA06181D94E54D00F1FACA /* AFNetworkActivityIndicatorManager.h */ = {isa = PBXFileReference; fileEncoding = 4; lastKnownFileType = sourcecode.c.h; path = AFNetworkActivityIndicatorManager.h; sourceTree = "<group>"; };
		21BA06191D94E54D00F1FACA /* AFNetworkActivityIndicatorManager.m */ = {isa = PBXFileReference; fileEncoding = 4; lastKnownFileType = sourcecode.c.objc; path = AFNetworkActivityIndicatorManager.m; sourceTree = "<group>"; };
		21BA061A1D94E54D00F1FACA /* UIActivityIndicatorView+AFNetworking.h */ = {isa = PBXFileReference; fileEncoding = 4; lastKnownFileType = sourcecode.c.h; path = "UIActivityIndicatorView+AFNetworking.h"; sourceTree = "<group>"; };
		21BA061B1D94E54D00F1FACA /* UIActivityIndicatorView+AFNetworking.m */ = {isa = PBXFileReference; fileEncoding = 4; lastKnownFileType = sourcecode.c.objc; path = "UIActivityIndicatorView+AFNetworking.m"; sourceTree = "<group>"; };
		21BA061C1D94E54D00F1FACA /* UIButton+AFNetworking.h */ = {isa = PBXFileReference; fileEncoding = 4; lastKnownFileType = sourcecode.c.h; path = "UIButton+AFNetworking.h"; sourceTree = "<group>"; };
		21BA061D1D94E54D00F1FACA /* UIButton+AFNetworking.m */ = {isa = PBXFileReference; fileEncoding = 4; lastKnownFileType = sourcecode.c.objc; path = "UIButton+AFNetworking.m"; sourceTree = "<group>"; };
		21BA061E1D94E54D00F1FACA /* UIImage+AFNetworking.h */ = {isa = PBXFileReference; fileEncoding = 4; lastKnownFileType = sourcecode.c.h; path = "UIImage+AFNetworking.h"; sourceTree = "<group>"; };
		21BA061F1D94E54D00F1FACA /* UIImageView+AFNetworking.h */ = {isa = PBXFileReference; fileEncoding = 4; lastKnownFileType = sourcecode.c.h; path = "UIImageView+AFNetworking.h"; sourceTree = "<group>"; };
		21BA06201D94E54D00F1FACA /* UIImageView+AFNetworking.m */ = {isa = PBXFileReference; fileEncoding = 4; lastKnownFileType = sourcecode.c.objc; path = "UIImageView+AFNetworking.m"; sourceTree = "<group>"; };
		21BA06211D94E54D00F1FACA /* UIKit+AFNetworking.h */ = {isa = PBXFileReference; fileEncoding = 4; lastKnownFileType = sourcecode.c.h; path = "UIKit+AFNetworking.h"; sourceTree = "<group>"; };
		21BA06221D94E54D00F1FACA /* UIProgressView+AFNetworking.h */ = {isa = PBXFileReference; fileEncoding = 4; lastKnownFileType = sourcecode.c.h; path = "UIProgressView+AFNetworking.h"; sourceTree = "<group>"; };
		21BA06231D94E54D00F1FACA /* UIProgressView+AFNetworking.m */ = {isa = PBXFileReference; fileEncoding = 4; lastKnownFileType = sourcecode.c.objc; path = "UIProgressView+AFNetworking.m"; sourceTree = "<group>"; };
		21BA06241D94E54D00F1FACA /* UIRefreshControl+AFNetworking.h */ = {isa = PBXFileReference; fileEncoding = 4; lastKnownFileType = sourcecode.c.h; path = "UIRefreshControl+AFNetworking.h"; sourceTree = "<group>"; };
		21BA06251D94E54D00F1FACA /* UIRefreshControl+AFNetworking.m */ = {isa = PBXFileReference; fileEncoding = 4; lastKnownFileType = sourcecode.c.objc; path = "UIRefreshControl+AFNetworking.m"; sourceTree = "<group>"; };
		21BA06261D94E54D00F1FACA /* UIWebView+AFNetworking.h */ = {isa = PBXFileReference; fileEncoding = 4; lastKnownFileType = sourcecode.c.h; path = "UIWebView+AFNetworking.h"; sourceTree = "<group>"; };
		21BA06271D94E54D00F1FACA /* UIWebView+AFNetworking.m */ = {isa = PBXFileReference; fileEncoding = 4; lastKnownFileType = sourcecode.c.objc; path = "UIWebView+AFNetworking.m"; sourceTree = "<group>"; };
		21BA06291D94E54D00F1FACA /* MBProgressHUD+MJ.h */ = {isa = PBXFileReference; fileEncoding = 4; lastKnownFileType = sourcecode.c.h; path = "MBProgressHUD+MJ.h"; sourceTree = "<group>"; };
		21BA062A1D94E54D00F1FACA /* MBProgressHUD+MJ.m */ = {isa = PBXFileReference; fileEncoding = 4; lastKnownFileType = sourcecode.c.objc; path = "MBProgressHUD+MJ.m"; sourceTree = "<group>"; };
		21BA062B1D94E54D00F1FACA /* MBProgressHUD.bundle */ = {isa = PBXFileReference; lastKnownFileType = "wrapper.plug-in"; path = MBProgressHUD.bundle; sourceTree = "<group>"; };
		21BA062C1D94E54D00F1FACA /* MBProgressHUD.h */ = {isa = PBXFileReference; fileEncoding = 4; lastKnownFileType = sourcecode.c.h; path = MBProgressHUD.h; sourceTree = "<group>"; };
		21BA062D1D94E54D00F1FACA /* MBProgressHUD.m */ = {isa = PBXFileReference; fileEncoding = 4; lastKnownFileType = sourcecode.c.objc; path = MBProgressHUD.m; sourceTree = "<group>"; };
		21BA062F1D94E54D00F1FACA /* LICENSE */ = {isa = PBXFileReference; fileEncoding = 4; lastKnownFileType = text; path = LICENSE; sourceTree = "<group>"; };
		21BA06311D94E54D00F1FACA /* MJExtension.h */ = {isa = PBXFileReference; fileEncoding = 4; lastKnownFileType = sourcecode.c.h; path = MJExtension.h; sourceTree = "<group>"; };
		21BA06321D94E54D00F1FACA /* MJExtensionConst.h */ = {isa = PBXFileReference; fileEncoding = 4; lastKnownFileType = sourcecode.c.h; path = MJExtensionConst.h; sourceTree = "<group>"; };
		21BA06331D94E54D00F1FACA /* MJExtensionConst.m */ = {isa = PBXFileReference; fileEncoding = 4; lastKnownFileType = sourcecode.c.objc; path = MJExtensionConst.m; sourceTree = "<group>"; };
		21BA06341D94E54D00F1FACA /* MJFoundation.h */ = {isa = PBXFileReference; fileEncoding = 4; lastKnownFileType = sourcecode.c.h; path = MJFoundation.h; sourceTree = "<group>"; };
		21BA06351D94E54D00F1FACA /* MJFoundation.m */ = {isa = PBXFileReference; fileEncoding = 4; lastKnownFileType = sourcecode.c.objc; path = MJFoundation.m; sourceTree = "<group>"; };
		21BA06361D94E54D00F1FACA /* MJProperty.h */ = {isa = PBXFileReference; fileEncoding = 4; lastKnownFileType = sourcecode.c.h; path = MJProperty.h; sourceTree = "<group>"; };
		21BA06371D94E54D00F1FACA /* MJProperty.m */ = {isa = PBXFileReference; fileEncoding = 4; lastKnownFileType = sourcecode.c.objc; path = MJProperty.m; sourceTree = "<group>"; };
		21BA06381D94E54D00F1FACA /* MJPropertyKey.h */ = {isa = PBXFileReference; fileEncoding = 4; lastKnownFileType = sourcecode.c.h; path = MJPropertyKey.h; sourceTree = "<group>"; };
		21BA06391D94E54D00F1FACA /* MJPropertyKey.m */ = {isa = PBXFileReference; fileEncoding = 4; lastKnownFileType = sourcecode.c.objc; path = MJPropertyKey.m; sourceTree = "<group>"; };
		21BA063A1D94E54D00F1FACA /* MJPropertyType.h */ = {isa = PBXFileReference; fileEncoding = 4; lastKnownFileType = sourcecode.c.h; path = MJPropertyType.h; sourceTree = "<group>"; };
		21BA063B1D94E54D00F1FACA /* MJPropertyType.m */ = {isa = PBXFileReference; fileEncoding = 4; lastKnownFileType = sourcecode.c.objc; path = MJPropertyType.m; sourceTree = "<group>"; };
		21BA063C1D94E54D00F1FACA /* NSObject+MJClass.h */ = {isa = PBXFileReference; fileEncoding = 4; lastKnownFileType = sourcecode.c.h; path = "NSObject+MJClass.h"; sourceTree = "<group>"; };
		21BA063D1D94E54D00F1FACA /* NSObject+MJClass.m */ = {isa = PBXFileReference; fileEncoding = 4; lastKnownFileType = sourcecode.c.objc; path = "NSObject+MJClass.m"; sourceTree = "<group>"; };
		21BA063E1D94E54D00F1FACA /* NSObject+MJCoding.h */ = {isa = PBXFileReference; fileEncoding = 4; lastKnownFileType = sourcecode.c.h; path = "NSObject+MJCoding.h"; sourceTree = "<group>"; };
		21BA063F1D94E54D00F1FACA /* NSObject+MJCoding.m */ = {isa = PBXFileReference; fileEncoding = 4; lastKnownFileType = sourcecode.c.objc; path = "NSObject+MJCoding.m"; sourceTree = "<group>"; };
		21BA06401D94E54D00F1FACA /* NSObject+MJKeyValue.h */ = {isa = PBXFileReference; fileEncoding = 4; lastKnownFileType = sourcecode.c.h; path = "NSObject+MJKeyValue.h"; sourceTree = "<group>"; };
		21BA06411D94E54D00F1FACA /* NSObject+MJKeyValue.m */ = {isa = PBXFileReference; fileEncoding = 4; lastKnownFileType = sourcecode.c.objc; path = "NSObject+MJKeyValue.m"; sourceTree = "<group>"; };
		21BA06421D94E54D00F1FACA /* NSObject+MJProperty.h */ = {isa = PBXFileReference; fileEncoding = 4; lastKnownFileType = sourcecode.c.h; path = "NSObject+MJProperty.h"; sourceTree = "<group>"; };
		21BA06431D94E54D00F1FACA /* NSObject+MJProperty.m */ = {isa = PBXFileReference; fileEncoding = 4; lastKnownFileType = sourcecode.c.objc; path = "NSObject+MJProperty.m"; sourceTree = "<group>"; };
		21BA06441D94E54D00F1FACA /* NSString+MJExtension.h */ = {isa = PBXFileReference; fileEncoding = 4; lastKnownFileType = sourcecode.c.h; path = "NSString+MJExtension.h"; sourceTree = "<group>"; };
		21BA06451D94E54D00F1FACA /* NSString+MJExtension.m */ = {isa = PBXFileReference; fileEncoding = 4; lastKnownFileType = sourcecode.c.objc; path = "NSString+MJExtension.m"; sourceTree = "<group>"; };
		21BA06461D94E54D00F1FACA /* README.md */ = {isa = PBXFileReference; fileEncoding = 4; lastKnownFileType = net.daringfireball.markdown; path = README.md; sourceTree = "<group>"; };
		21BA06481D94E54D00F1FACA /* LICENSE */ = {isa = PBXFileReference; fileEncoding = 4; lastKnownFileType = text; path = LICENSE; sourceTree = "<group>"; };
		21BA064B1D94E54D00F1FACA /* MJRefreshAutoFooter.h */ = {isa = PBXFileReference; fileEncoding = 4; lastKnownFileType = sourcecode.c.h; path = MJRefreshAutoFooter.h; sourceTree = "<group>"; };
		21BA064C1D94E54D00F1FACA /* MJRefreshAutoFooter.m */ = {isa = PBXFileReference; fileEncoding = 4; lastKnownFileType = sourcecode.c.objc; path = MJRefreshAutoFooter.m; sourceTree = "<group>"; };
		21BA064D1D94E54D00F1FACA /* MJRefreshBackFooter.h */ = {isa = PBXFileReference; fileEncoding = 4; lastKnownFileType = sourcecode.c.h; path = MJRefreshBackFooter.h; sourceTree = "<group>"; };
		21BA064E1D94E54D00F1FACA /* MJRefreshBackFooter.m */ = {isa = PBXFileReference; fileEncoding = 4; lastKnownFileType = sourcecode.c.objc; path = MJRefreshBackFooter.m; sourceTree = "<group>"; };
		21BA064F1D94E54D00F1FACA /* MJRefreshComponent.h */ = {isa = PBXFileReference; fileEncoding = 4; lastKnownFileType = sourcecode.c.h; path = MJRefreshComponent.h; sourceTree = "<group>"; };
		21BA06501D94E54D00F1FACA /* MJRefreshComponent.m */ = {isa = PBXFileReference; fileEncoding = 4; lastKnownFileType = sourcecode.c.objc; path = MJRefreshComponent.m; sourceTree = "<group>"; };
		21BA06511D94E54D00F1FACA /* MJRefreshFooter.h */ = {isa = PBXFileReference; fileEncoding = 4; lastKnownFileType = sourcecode.c.h; path = MJRefreshFooter.h; sourceTree = "<group>"; };
		21BA06521D94E54D00F1FACA /* MJRefreshFooter.m */ = {isa = PBXFileReference; fileEncoding = 4; lastKnownFileType = sourcecode.c.objc; path = MJRefreshFooter.m; sourceTree = "<group>"; };
		21BA06531D94E54D00F1FACA /* MJRefreshHeader.h */ = {isa = PBXFileReference; fileEncoding = 4; lastKnownFileType = sourcecode.c.h; path = MJRefreshHeader.h; sourceTree = "<group>"; };
		21BA06541D94E54D00F1FACA /* MJRefreshHeader.m */ = {isa = PBXFileReference; fileEncoding = 4; lastKnownFileType = sourcecode.c.objc; path = MJRefreshHeader.m; sourceTree = "<group>"; };
		21BA06581D94E54D00F1FACA /* MJRefreshAutoGifFooter.h */ = {isa = PBXFileReference; fileEncoding = 4; lastKnownFileType = sourcecode.c.h; path = MJRefreshAutoGifFooter.h; sourceTree = "<group>"; };
		21BA06591D94E54D00F1FACA /* MJRefreshAutoGifFooter.m */ = {isa = PBXFileReference; fileEncoding = 4; lastKnownFileType = sourcecode.c.objc; path = MJRefreshAutoGifFooter.m; sourceTree = "<group>"; };
		21BA065A1D94E54D00F1FACA /* MJRefreshAutoNormalFooter.h */ = {isa = PBXFileReference; fileEncoding = 4; lastKnownFileType = sourcecode.c.h; path = MJRefreshAutoNormalFooter.h; sourceTree = "<group>"; };
		21BA065B1D94E54D00F1FACA /* MJRefreshAutoNormalFooter.m */ = {isa = PBXFileReference; fileEncoding = 4; lastKnownFileType = sourcecode.c.objc; path = MJRefreshAutoNormalFooter.m; sourceTree = "<group>"; };
		21BA065C1D94E54D00F1FACA /* MJRefreshAutoStateFooter.h */ = {isa = PBXFileReference; fileEncoding = 4; lastKnownFileType = sourcecode.c.h; path = MJRefreshAutoStateFooter.h; sourceTree = "<group>"; };
		21BA065D1D94E54D00F1FACA /* MJRefreshAutoStateFooter.m */ = {isa = PBXFileReference; fileEncoding = 4; lastKnownFileType = sourcecode.c.objc; path = MJRefreshAutoStateFooter.m; sourceTree = "<group>"; };
		21BA065F1D94E54D00F1FACA /* MJRefreshBackGifFooter.h */ = {isa = PBXFileReference; fileEncoding = 4; lastKnownFileType = sourcecode.c.h; path = MJRefreshBackGifFooter.h; sourceTree = "<group>"; };
		21BA06601D94E54D00F1FACA /* MJRefreshBackGifFooter.m */ = {isa = PBXFileReference; fileEncoding = 4; lastKnownFileType = sourcecode.c.objc; path = MJRefreshBackGifFooter.m; sourceTree = "<group>"; };
		21BA06611D94E54D00F1FACA /* MJRefreshBackNormalFooter.h */ = {isa = PBXFileReference; fileEncoding = 4; lastKnownFileType = sourcecode.c.h; path = MJRefreshBackNormalFooter.h; sourceTree = "<group>"; };
		21BA06621D94E54D00F1FACA /* MJRefreshBackNormalFooter.m */ = {isa = PBXFileReference; fileEncoding = 4; lastKnownFileType = sourcecode.c.objc; path = MJRefreshBackNormalFooter.m; sourceTree = "<group>"; };
		21BA06631D94E54D00F1FACA /* MJRefreshBackStateFooter.h */ = {isa = PBXFileReference; fileEncoding = 4; lastKnownFileType = sourcecode.c.h; path = MJRefreshBackStateFooter.h; sourceTree = "<group>"; };
		21BA06641D94E54D00F1FACA /* MJRefreshBackStateFooter.m */ = {isa = PBXFileReference; fileEncoding = 4; lastKnownFileType = sourcecode.c.objc; path = MJRefreshBackStateFooter.m; sourceTree = "<group>"; };
		21BA06661D94E54D00F1FACA /* MJRefreshGifHeader.h */ = {isa = PBXFileReference; fileEncoding = 4; lastKnownFileType = sourcecode.c.h; path = MJRefreshGifHeader.h; sourceTree = "<group>"; };
		21BA06671D94E54D00F1FACA /* MJRefreshGifHeader.m */ = {isa = PBXFileReference; fileEncoding = 4; lastKnownFileType = sourcecode.c.objc; path = MJRefreshGifHeader.m; sourceTree = "<group>"; };
		21BA06681D94E54D00F1FACA /* MJRefreshNormalHeader.h */ = {isa = PBXFileReference; fileEncoding = 4; lastKnownFileType = sourcecode.c.h; path = MJRefreshNormalHeader.h; sourceTree = "<group>"; };
		21BA06691D94E54D00F1FACA /* MJRefreshNormalHeader.m */ = {isa = PBXFileReference; fileEncoding = 4; lastKnownFileType = sourcecode.c.objc; path = MJRefreshNormalHeader.m; sourceTree = "<group>"; };
		21BA066A1D94E54D00F1FACA /* MJRefreshStateHeader.h */ = {isa = PBXFileReference; fileEncoding = 4; lastKnownFileType = sourcecode.c.h; path = MJRefreshStateHeader.h; sourceTree = "<group>"; };
		21BA066B1D94E54D00F1FACA /* MJRefreshStateHeader.m */ = {isa = PBXFileReference; fileEncoding = 4; lastKnownFileType = sourcecode.c.objc; path = MJRefreshStateHeader.m; sourceTree = "<group>"; };
		21BA066C1D94E54D00F1FACA /* MJRefresh.bundle */ = {isa = PBXFileReference; lastKnownFileType = "wrapper.plug-in"; path = MJRefresh.bundle; sourceTree = "<group>"; };
		21BA066D1D94E54D00F1FACA /* MJRefresh.h */ = {isa = PBXFileReference; fileEncoding = 4; lastKnownFileType = sourcecode.c.h; path = MJRefresh.h; sourceTree = "<group>"; };
		21BA066E1D94E54D00F1FACA /* MJRefreshConst.h */ = {isa = PBXFileReference; fileEncoding = 4; lastKnownFileType = sourcecode.c.h; path = MJRefreshConst.h; sourceTree = "<group>"; };
		21BA066F1D94E54D00F1FACA /* MJRefreshConst.m */ = {isa = PBXFileReference; fileEncoding = 4; lastKnownFileType = sourcecode.c.objc; path = MJRefreshConst.m; sourceTree = "<group>"; };
		21BA06701D94E54D00F1FACA /* NSBundle+MJRefresh.h */ = {isa = PBXFileReference; fileEncoding = 4; lastKnownFileType = sourcecode.c.h; path = "NSBundle+MJRefresh.h"; sourceTree = "<group>"; };
		21BA06711D94E54D00F1FACA /* NSBundle+MJRefresh.m */ = {isa = PBXFileReference; fileEncoding = 4; lastKnownFileType = sourcecode.c.objc; path = "NSBundle+MJRefresh.m"; sourceTree = "<group>"; };
		21BA06721D94E54D00F1FACA /* UIScrollView+MJExtension.h */ = {isa = PBXFileReference; fileEncoding = 4; lastKnownFileType = sourcecode.c.h; path = "UIScrollView+MJExtension.h"; sourceTree = "<group>"; };
		21BA06731D94E54D00F1FACA /* UIScrollView+MJExtension.m */ = {isa = PBXFileReference; fileEncoding = 4; lastKnownFileType = sourcecode.c.objc; path = "UIScrollView+MJExtension.m"; sourceTree = "<group>"; };
		21BA06741D94E54D00F1FACA /* UIScrollView+MJRefresh.h */ = {isa = PBXFileReference; fileEncoding = 4; lastKnownFileType = sourcecode.c.h; path = "UIScrollView+MJRefresh.h"; sourceTree = "<group>"; };
		21BA06751D94E54D00F1FACA /* UIScrollView+MJRefresh.m */ = {isa = PBXFileReference; fileEncoding = 4; lastKnownFileType = sourcecode.c.objc; path = "UIScrollView+MJRefresh.m"; sourceTree = "<group>"; };
		21BA06761D94E54D00F1FACA /* UIView+MJExtension.h */ = {isa = PBXFileReference; fileEncoding = 4; lastKnownFileType = sourcecode.c.h; path = "UIView+MJExtension.h"; sourceTree = "<group>"; };
		21BA06771D94E54D00F1FACA /* UIView+MJExtension.m */ = {isa = PBXFileReference; fileEncoding = 4; lastKnownFileType = sourcecode.c.objc; path = "UIView+MJExtension.m"; sourceTree = "<group>"; };
		21BA06781D94E54D00F1FACA /* README.md */ = {isa = PBXFileReference; fileEncoding = 4; lastKnownFileType = net.daringfireball.markdown; path = README.md; sourceTree = "<group>"; };
		21BA067A1D94E54D00F1FACA /* LICENSE */ = {isa = PBXFileReference; fileEncoding = 4; lastKnownFileType = text; path = LICENSE; sourceTree = "<group>"; };
		21BA067B1D94E54D00F1FACA /* README.md */ = {isa = PBXFileReference; fileEncoding = 4; lastKnownFileType = net.daringfireball.markdown; path = README.md; sourceTree = "<group>"; };
		21BA067D1D94E54D00F1FACA /* NSData+ImageContentType.h */ = {isa = PBXFileReference; fileEncoding = 4; lastKnownFileType = sourcecode.c.h; path = "NSData+ImageContentType.h"; sourceTree = "<group>"; };
		21BA067E1D94E54D00F1FACA /* NSData+ImageContentType.m */ = {isa = PBXFileReference; fileEncoding = 4; lastKnownFileType = sourcecode.c.objc; path = "NSData+ImageContentType.m"; sourceTree = "<group>"; };
		21BA067F1D94E54D00F1FACA /* SDImageCache.h */ = {isa = PBXFileReference; fileEncoding = 4; lastKnownFileType = sourcecode.c.h; path = SDImageCache.h; sourceTree = "<group>"; };
		21BA06801D94E54D00F1FACA /* SDImageCache.m */ = {isa = PBXFileReference; fileEncoding = 4; lastKnownFileType = sourcecode.c.objc; path = SDImageCache.m; sourceTree = "<group>"; };
		21BA06811D94E54D00F1FACA /* SDWebImageCompat.h */ = {isa = PBXFileReference; fileEncoding = 4; lastKnownFileType = sourcecode.c.h; path = SDWebImageCompat.h; sourceTree = "<group>"; };
		21BA06821D94E54D00F1FACA /* SDWebImageCompat.m */ = {isa = PBXFileReference; fileEncoding = 4; lastKnownFileType = sourcecode.c.objc; path = SDWebImageCompat.m; sourceTree = "<group>"; };
		21BA06831D94E54D00F1FACA /* SDWebImageDecoder.h */ = {isa = PBXFileReference; fileEncoding = 4; lastKnownFileType = sourcecode.c.h; path = SDWebImageDecoder.h; sourceTree = "<group>"; };
		21BA06841D94E54D00F1FACA /* SDWebImageDecoder.m */ = {isa = PBXFileReference; fileEncoding = 4; lastKnownFileType = sourcecode.c.objc; path = SDWebImageDecoder.m; sourceTree = "<group>"; };
		21BA06851D94E54D00F1FACA /* SDWebImageDownloader.h */ = {isa = PBXFileReference; fileEncoding = 4; lastKnownFileType = sourcecode.c.h; path = SDWebImageDownloader.h; sourceTree = "<group>"; };
		21BA06861D94E54D00F1FACA /* SDWebImageDownloader.m */ = {isa = PBXFileReference; fileEncoding = 4; lastKnownFileType = sourcecode.c.objc; path = SDWebImageDownloader.m; sourceTree = "<group>"; };
		21BA06871D94E54D00F1FACA /* SDWebImageDownloaderOperation.h */ = {isa = PBXFileReference; fileEncoding = 4; lastKnownFileType = sourcecode.c.h; path = SDWebImageDownloaderOperation.h; sourceTree = "<group>"; };
		21BA06881D94E54D00F1FACA /* SDWebImageDownloaderOperation.m */ = {isa = PBXFileReference; fileEncoding = 4; lastKnownFileType = sourcecode.c.objc; path = SDWebImageDownloaderOperation.m; sourceTree = "<group>"; };
		21BA06891D94E54D00F1FACA /* SDWebImageManager.h */ = {isa = PBXFileReference; fileEncoding = 4; lastKnownFileType = sourcecode.c.h; path = SDWebImageManager.h; sourceTree = "<group>"; };
		21BA068A1D94E54D00F1FACA /* SDWebImageManager.m */ = {isa = PBXFileReference; fileEncoding = 4; lastKnownFileType = sourcecode.c.objc; path = SDWebImageManager.m; sourceTree = "<group>"; };
		21BA068B1D94E54D00F1FACA /* SDWebImageOperation.h */ = {isa = PBXFileReference; fileEncoding = 4; lastKnownFileType = sourcecode.c.h; path = SDWebImageOperation.h; sourceTree = "<group>"; };
		21BA068C1D94E54D00F1FACA /* SDWebImagePrefetcher.h */ = {isa = PBXFileReference; fileEncoding = 4; lastKnownFileType = sourcecode.c.h; path = SDWebImagePrefetcher.h; sourceTree = "<group>"; };
		21BA068D1D94E54D00F1FACA /* SDWebImagePrefetcher.m */ = {isa = PBXFileReference; fileEncoding = 4; lastKnownFileType = sourcecode.c.objc; path = SDWebImagePrefetcher.m; sourceTree = "<group>"; };
		21BA068E1D94E54D00F1FACA /* UIButton+WebCache.h */ = {isa = PBXFileReference; fileEncoding = 4; lastKnownFileType = sourcecode.c.h; path = "UIButton+WebCache.h"; sourceTree = "<group>"; };
		21BA068F1D94E54D00F1FACA /* UIButton+WebCache.m */ = {isa = PBXFileReference; fileEncoding = 4; lastKnownFileType = sourcecode.c.objc; path = "UIButton+WebCache.m"; sourceTree = "<group>"; };
		21BA06901D94E54D00F1FACA /* UIImage+GIF.h */ = {isa = PBXFileReference; fileEncoding = 4; lastKnownFileType = sourcecode.c.h; path = "UIImage+GIF.h"; sourceTree = "<group>"; };
		21BA06911D94E54D00F1FACA /* UIImage+GIF.m */ = {isa = PBXFileReference; fileEncoding = 4; lastKnownFileType = sourcecode.c.objc; path = "UIImage+GIF.m"; sourceTree = "<group>"; };
		21BA06921D94E54D00F1FACA /* UIImage+MultiFormat.h */ = {isa = PBXFileReference; fileEncoding = 4; lastKnownFileType = sourcecode.c.h; path = "UIImage+MultiFormat.h"; sourceTree = "<group>"; };
		21BA06931D94E54D00F1FACA /* UIImage+MultiFormat.m */ = {isa = PBXFileReference; fileEncoding = 4; lastKnownFileType = sourcecode.c.objc; path = "UIImage+MultiFormat.m"; sourceTree = "<group>"; };
		21BA06941D94E54D00F1FACA /* UIImageView+HighlightedWebCache.h */ = {isa = PBXFileReference; fileEncoding = 4; lastKnownFileType = sourcecode.c.h; path = "UIImageView+HighlightedWebCache.h"; sourceTree = "<group>"; };
		21BA06951D94E54D00F1FACA /* UIImageView+HighlightedWebCache.m */ = {isa = PBXFileReference; fileEncoding = 4; lastKnownFileType = sourcecode.c.objc; path = "UIImageView+HighlightedWebCache.m"; sourceTree = "<group>"; };
		21BA06961D94E54D00F1FACA /* UIImageView+WebCache.h */ = {isa = PBXFileReference; fileEncoding = 4; lastKnownFileType = sourcecode.c.h; path = "UIImageView+WebCache.h"; sourceTree = "<group>"; };
		21BA06971D94E54D00F1FACA /* UIImageView+WebCache.m */ = {isa = PBXFileReference; fileEncoding = 4; lastKnownFileType = sourcecode.c.objc; path = "UIImageView+WebCache.m"; sourceTree = "<group>"; };
		21BA06981D94E54D00F1FACA /* UIView+WebCacheOperation.h */ = {isa = PBXFileReference; fileEncoding = 4; lastKnownFileType = sourcecode.c.h; path = "UIView+WebCacheOperation.h"; sourceTree = "<group>"; };
		21BA06991D94E54D00F1FACA /* UIView+WebCacheOperation.m */ = {isa = PBXFileReference; fileEncoding = 4; lastKnownFileType = sourcecode.c.objc; path = "UIView+WebCacheOperation.m"; sourceTree = "<group>"; };
		21BA06E11D94E5F600F1FACA /* LICENSE */ = {isa = PBXFileReference; fileEncoding = 4; lastKnownFileType = text; path = LICENSE; sourceTree = "<group>"; };
		21BA06E31D94E5F600F1FACA /* MASCompositeConstraint.h */ = {isa = PBXFileReference; fileEncoding = 4; lastKnownFileType = sourcecode.c.h; path = MASCompositeConstraint.h; sourceTree = "<group>"; };
		21BA06E41D94E5F600F1FACA /* MASCompositeConstraint.m */ = {isa = PBXFileReference; fileEncoding = 4; lastKnownFileType = sourcecode.c.objc; path = MASCompositeConstraint.m; sourceTree = "<group>"; };
		21BA06E51D94E5F600F1FACA /* MASConstraint+Private.h */ = {isa = PBXFileReference; fileEncoding = 4; lastKnownFileType = sourcecode.c.h; path = "MASConstraint+Private.h"; sourceTree = "<group>"; };
		21BA06E61D94E5F600F1FACA /* MASConstraint.h */ = {isa = PBXFileReference; fileEncoding = 4; lastKnownFileType = sourcecode.c.h; path = MASConstraint.h; sourceTree = "<group>"; };
		21BA06E71D94E5F600F1FACA /* MASConstraint.m */ = {isa = PBXFileReference; fileEncoding = 4; lastKnownFileType = sourcecode.c.objc; path = MASConstraint.m; sourceTree = "<group>"; };
		21BA06E81D94E5F600F1FACA /* MASConstraintMaker.h */ = {isa = PBXFileReference; fileEncoding = 4; lastKnownFileType = sourcecode.c.h; path = MASConstraintMaker.h; sourceTree = "<group>"; };
		21BA06E91D94E5F600F1FACA /* MASConstraintMaker.m */ = {isa = PBXFileReference; fileEncoding = 4; lastKnownFileType = sourcecode.c.objc; path = MASConstraintMaker.m; sourceTree = "<group>"; };
		21BA06EA1D94E5F600F1FACA /* MASLayoutConstraint.h */ = {isa = PBXFileReference; fileEncoding = 4; lastKnownFileType = sourcecode.c.h; path = MASLayoutConstraint.h; sourceTree = "<group>"; };
		21BA06EB1D94E5F600F1FACA /* MASLayoutConstraint.m */ = {isa = PBXFileReference; fileEncoding = 4; lastKnownFileType = sourcecode.c.objc; path = MASLayoutConstraint.m; sourceTree = "<group>"; };
		21BA06EC1D94E5F600F1FACA /* Masonry.h */ = {isa = PBXFileReference; fileEncoding = 4; lastKnownFileType = sourcecode.c.h; path = Masonry.h; sourceTree = "<group>"; };
		21BA06ED1D94E5F600F1FACA /* MASUtilities.h */ = {isa = PBXFileReference; fileEncoding = 4; lastKnownFileType = sourcecode.c.h; path = MASUtilities.h; sourceTree = "<group>"; };
		21BA06EE1D94E5F600F1FACA /* MASViewAttribute.h */ = {isa = PBXFileReference; fileEncoding = 4; lastKnownFileType = sourcecode.c.h; path = MASViewAttribute.h; sourceTree = "<group>"; };
		21BA06EF1D94E5F600F1FACA /* MASViewAttribute.m */ = {isa = PBXFileReference; fileEncoding = 4; lastKnownFileType = sourcecode.c.objc; path = MASViewAttribute.m; sourceTree = "<group>"; };
		21BA06F01D94E5F600F1FACA /* MASViewConstraint.h */ = {isa = PBXFileReference; fileEncoding = 4; lastKnownFileType = sourcecode.c.h; path = MASViewConstraint.h; sourceTree = "<group>"; };
		21BA06F11D94E5F600F1FACA /* MASViewConstraint.m */ = {isa = PBXFileReference; fileEncoding = 4; lastKnownFileType = sourcecode.c.objc; path = MASViewConstraint.m; sourceTree = "<group>"; };
		21BA06F21D94E5F600F1FACA /* NSArray+MASAdditions.h */ = {isa = PBXFileReference; fileEncoding = 4; lastKnownFileType = sourcecode.c.h; path = "NSArray+MASAdditions.h"; sourceTree = "<group>"; };
		21BA06F31D94E5F600F1FACA /* NSArray+MASAdditions.m */ = {isa = PBXFileReference; fileEncoding = 4; lastKnownFileType = sourcecode.c.objc; path = "NSArray+MASAdditions.m"; sourceTree = "<group>"; };
		21BA06F41D94E5F600F1FACA /* NSArray+MASShorthandAdditions.h */ = {isa = PBXFileReference; fileEncoding = 4; lastKnownFileType = sourcecode.c.h; path = "NSArray+MASShorthandAdditions.h"; sourceTree = "<group>"; };
		21BA06F51D94E5F600F1FACA /* NSLayoutConstraint+MASDebugAdditions.h */ = {isa = PBXFileReference; fileEncoding = 4; lastKnownFileType = sourcecode.c.h; path = "NSLayoutConstraint+MASDebugAdditions.h"; sourceTree = "<group>"; };
		21BA06F61D94E5F600F1FACA /* NSLayoutConstraint+MASDebugAdditions.m */ = {isa = PBXFileReference; fileEncoding = 4; lastKnownFileType = sourcecode.c.objc; path = "NSLayoutConstraint+MASDebugAdditions.m"; sourceTree = "<group>"; };
		21BA06F71D94E5F600F1FACA /* View+MASAdditions.h */ = {isa = PBXFileReference; fileEncoding = 4; lastKnownFileType = sourcecode.c.h; path = "View+MASAdditions.h"; sourceTree = "<group>"; };
		21BA06F81D94E5F600F1FACA /* View+MASAdditions.m */ = {isa = PBXFileReference; fileEncoding = 4; lastKnownFileType = sourcecode.c.objc; path = "View+MASAdditions.m"; sourceTree = "<group>"; };
		21BA06F91D94E5F600F1FACA /* View+MASShorthandAdditions.h */ = {isa = PBXFileReference; fileEncoding = 4; lastKnownFileType = sourcecode.c.h; path = "View+MASShorthandAdditions.h"; sourceTree = "<group>"; };
		21BA06FA1D94E5F600F1FACA /* ViewController+MASAdditions.h */ = {isa = PBXFileReference; fileEncoding = 4; lastKnownFileType = sourcecode.c.h; path = "ViewController+MASAdditions.h"; sourceTree = "<group>"; };
		21BA06FB1D94E5F600F1FACA /* ViewController+MASAdditions.m */ = {isa = PBXFileReference; fileEncoding = 4; lastKnownFileType = sourcecode.c.objc; path = "ViewController+MASAdditions.m"; sourceTree = "<group>"; };
		21BA06FC1D94E5F600F1FACA /* README.md */ = {isa = PBXFileReference; fileEncoding = 4; lastKnownFileType = net.daringfireball.markdown; path = README.md; sourceTree = "<group>"; };
		21BA07091D94E7B000F1FACA /* BaseTabBarController.h */ = {isa = PBXFileReference; fileEncoding = 4; lastKnownFileType = sourcecode.c.h; path = BaseTabBarController.h; sourceTree = "<group>"; };
		21BA070A1D94E7B000F1FACA /* BaseTabBarController.m */ = {isa = PBXFileReference; fileEncoding = 4; lastKnownFileType = sourcecode.c.objc; path = BaseTabBarController.m; sourceTree = "<group>"; };
		21BA070C1D94ED7700F1FACA /* BaseViewController.h */ = {isa = PBXFileReference; fileEncoding = 4; lastKnownFileType = sourcecode.c.h; path = BaseViewController.h; sourceTree = "<group>"; };
		21BA070D1D94ED7700F1FACA /* BaseViewController.m */ = {isa = PBXFileReference; fileEncoding = 4; lastKnownFileType = sourcecode.c.objc; path = BaseViewController.m; sourceTree = "<group>"; };
		21CD08101D94CF0F00B83D45 /* Base.app */ = {isa = PBXFileReference; explicitFileType = wrapper.application; includeInIndex = 0; path = Base.app; sourceTree = BUILT_PRODUCTS_DIR; };
		21CD08141D94CF0F00B83D45 /* main.m */ = {isa = PBXFileReference; lastKnownFileType = sourcecode.c.objc; path = main.m; sourceTree = "<group>"; };
		21CD08161D94CF0F00B83D45 /* AppDelegate.h */ = {isa = PBXFileReference; lastKnownFileType = sourcecode.c.h; path = AppDelegate.h; sourceTree = "<group>"; };
		21CD08171D94CF0F00B83D45 /* AppDelegate.m */ = {isa = PBXFileReference; lastKnownFileType = sourcecode.c.objc; path = AppDelegate.m; sourceTree = "<group>"; };
		21CD08191D94CF0F00B83D45 /* ViewController.h */ = {isa = PBXFileReference; lastKnownFileType = sourcecode.c.h; path = ViewController.h; sourceTree = "<group>"; };
		21CD081A1D94CF0F00B83D45 /* ViewController.m */ = {isa = PBXFileReference; lastKnownFileType = sourcecode.c.objc; path = ViewController.m; sourceTree = "<group>"; };
		21CD081D1D94CF0F00B83D45 /* Base */ = {isa = PBXFileReference; lastKnownFileType = file.storyboard; name = Base; path = Base.lproj/Main.storyboard; sourceTree = "<group>"; };
		21CD081F1D94CF0F00B83D45 /* Assets.xcassets */ = {isa = PBXFileReference; lastKnownFileType = folder.assetcatalog; path = Assets.xcassets; sourceTree = "<group>"; };
		21CD08221D94CF0F00B83D45 /* Base */ = {isa = PBXFileReference; lastKnownFileType = file.storyboard; name = Base; path = Base.lproj/LaunchScreen.storyboard; sourceTree = "<group>"; };
		21CD08241D94CF0F00B83D45 /* Info.plist */ = {isa = PBXFileReference; lastKnownFileType = text.plist.xml; path = Info.plist; sourceTree = "<group>"; };
		21CD08291D94CF0F00B83D45 /* BaseTests.xctest */ = {isa = PBXFileReference; explicitFileType = wrapper.cfbundle; includeInIndex = 0; path = BaseTests.xctest; sourceTree = BUILT_PRODUCTS_DIR; };
		21CD082D1D94CF0F00B83D45 /* GLinkTests.m */ = {isa = PBXFileReference; lastKnownFileType = sourcecode.c.objc; path = GLinkTests.m; sourceTree = "<group>"; };
		21CD082F1D94CF0F00B83D45 /* Info.plist */ = {isa = PBXFileReference; lastKnownFileType = text.plist.xml; path = Info.plist; sourceTree = "<group>"; };
		21CD08341D94CF0F00B83D45 /* BaseUITests.xctest */ = {isa = PBXFileReference; explicitFileType = wrapper.cfbundle; includeInIndex = 0; path = BaseUITests.xctest; sourceTree = BUILT_PRODUCTS_DIR; };
		21CD08381D94CF0F00B83D45 /* GLinkUITests.m */ = {isa = PBXFileReference; lastKnownFileType = sourcecode.c.objc; path = GLinkUITests.m; sourceTree = "<group>"; };
		21CD083A1D94CF0F00B83D45 /* Info.plist */ = {isa = PBXFileReference; lastKnownFileType = text.plist.xml; path = Info.plist; sourceTree = "<group>"; };
		21CD08581D94D02F00B83D45 /* AppMacro.h */ = {isa = PBXFileReference; fileEncoding = 4; lastKnownFileType = sourcecode.c.h; path = AppMacro.h; sourceTree = "<group>"; };
		21CD08591D94D02F00B83D45 /* NotificationMacro.h */ = {isa = PBXFileReference; fileEncoding = 4; lastKnownFileType = sourcecode.c.h; path = NotificationMacro.h; sourceTree = "<group>"; };
		21CD085B1D94D02F00B83D45 /* UtilsMacro.h */ = {isa = PBXFileReference; fileEncoding = 4; lastKnownFileType = sourcecode.c.h; path = UtilsMacro.h; sourceTree = "<group>"; };
		21CD085C1D94D02F00B83D45 /* VendorMacro.h */ = {isa = PBXFileReference; fileEncoding = 4; lastKnownFileType = sourcecode.c.h; path = VendorMacro.h; sourceTree = "<group>"; };
		21CD08611D94D02F00B83D45 /* local.strings */ = {isa = PBXFileReference; fileEncoding = 4; lastKnownFileType = text.plist.strings; path = local.strings; sourceTree = "<group>"; };
		21CD08741D94DAFD00B83D45 /* BaseNavtionController.h */ = {isa = PBXFileReference; fileEncoding = 4; lastKnownFileType = sourcecode.c.h; path = BaseNavtionController.h; sourceTree = "<group>"; };
		21CD08751D94DAFD00B83D45 /* BaseNavtionController.m */ = {isa = PBXFileReference; fileEncoding = 4; lastKnownFileType = sourcecode.c.objc; path = BaseNavtionController.m; sourceTree = "<group>"; };
		21CD08781D94DB7100B83D45 /* UIBarButtonItem+LH.h */ = {isa = PBXFileReference; fileEncoding = 4; lastKnownFileType = sourcecode.c.h; path = "UIBarButtonItem+LH.h"; sourceTree = "<group>"; };
		21CD08791D94DB7100B83D45 /* UIBarButtonItem+LH.m */ = {isa = PBXFileReference; fileEncoding = 4; lastKnownFileType = sourcecode.c.objc; path = "UIBarButtonItem+LH.m"; sourceTree = "<group>"; };
		21CD087B1D94DC0800B83D45 /* UIButton+Extension.h */ = {isa = PBXFileReference; fileEncoding = 4; lastKnownFileType = sourcecode.c.h; path = "UIButton+Extension.h"; sourceTree = "<group>"; };
		21CD087C1D94DC0800B83D45 /* UIButton+Extension.m */ = {isa = PBXFileReference; fileEncoding = 4; lastKnownFileType = sourcecode.c.objc; path = "UIButton+Extension.m"; sourceTree = "<group>"; };
		21CD087E1D94DCA700B83D45 /* UIDevice+Extension.h */ = {isa = PBXFileReference; fileEncoding = 4; lastKnownFileType = sourcecode.c.h; path = "UIDevice+Extension.h"; sourceTree = "<group>"; };
		21CD087F1D94DCA700B83D45 /* UIDevice+Extension.m */ = {isa = PBXFileReference; fileEncoding = 4; lastKnownFileType = sourcecode.c.objc; path = "UIDevice+Extension.m"; sourceTree = "<group>"; };
		21CD08811D94DCDD00B83D45 /* UIImage+Extension.h */ = {isa = PBXFileReference; fileEncoding = 4; lastKnownFileType = sourcecode.c.h; path = "UIImage+Extension.h"; sourceTree = "<group>"; };
		21CD08821D94DCDD00B83D45 /* UIImage+Extension.m */ = {isa = PBXFileReference; fileEncoding = 4; lastKnownFileType = sourcecode.c.objc; path = "UIImage+Extension.m"; sourceTree = "<group>"; };
		21CD08841D94DCF300B83D45 /* UIViewController+Extension.h */ = {isa = PBXFileReference; fileEncoding = 4; lastKnownFileType = sourcecode.c.h; path = "UIViewController+Extension.h"; sourceTree = "<group>"; };
		21CD08851D94DCF300B83D45 /* UIViewController+Extension.m */ = {isa = PBXFileReference; fileEncoding = 4; lastKnownFileType = sourcecode.c.objc; path = "UIViewController+Extension.m"; sourceTree = "<group>"; };
		21CD08871D94DD0400B83D45 /* UIImageView+Extension.h */ = {isa = PBXFileReference; fileEncoding = 4; lastKnownFileType = sourcecode.c.h; path = "UIImageView+Extension.h"; sourceTree = "<group>"; };
		21CD08881D94DD0400B83D45 /* UIImageView+Extension.m */ = {isa = PBXFileReference; fileEncoding = 4; lastKnownFileType = sourcecode.c.objc; path = "UIImageView+Extension.m"; sourceTree = "<group>"; };
		21CD088A1D94DD1900B83D45 /* UIView+Extension.h */ = {isa = PBXFileReference; fileEncoding = 4; lastKnownFileType = sourcecode.c.h; path = "UIView+Extension.h"; sourceTree = "<group>"; };
		21CD088B1D94DD1900B83D45 /* UIView+Extension.m */ = {isa = PBXFileReference; fileEncoding = 4; lastKnownFileType = sourcecode.c.objc; path = "UIView+Extension.m"; sourceTree = "<group>"; };
		21CD088D1D94DE3B00B83D45 /* GLinkPrefix.pch */ = {isa = PBXFileReference; lastKnownFileType = sourcecode.c.h; path = GLinkPrefix.pch; sourceTree = "<group>"; };
		21CD088E1D94DEEE00B83D45 /* Header.h */ = {isa = PBXFileReference; lastKnownFileType = sourcecode.c.h; path = Header.h; sourceTree = "<group>"; };
		21D789121D966D3E002559D1 /* UIViewController+XQToast.h */ = {isa = PBXFileReference; fileEncoding = 4; lastKnownFileType = sourcecode.c.h; path = "UIViewController+XQToast.h"; sourceTree = "<group>"; };
		21D789131D966D3E002559D1 /* UIViewController+XQToast.m */ = {isa = PBXFileReference; fileEncoding = 4; lastKnownFileType = sourcecode.c.objc; path = "UIViewController+XQToast.m"; sourceTree = "<group>"; };
		21D789171D966DA1002559D1 /* ToastView.h */ = {isa = PBXFileReference; fileEncoding = 4; lastKnownFileType = sourcecode.c.h; path = ToastView.h; sourceTree = "<group>"; };
		21D789181D966DA1002559D1 /* ToastView.m */ = {isa = PBXFileReference; fileEncoding = 4; lastKnownFileType = sourcecode.c.objc; path = ToastView.m; sourceTree = "<group>"; };
		21D789191D966DA1002559D1 /* ToastView.xib */ = {isa = PBXFileReference; fileEncoding = 4; lastKnownFileType = file.xib; path = ToastView.xib; sourceTree = "<group>"; };
		21D789331D967FE5002559D1 /* libsqlite3.0.tbd */ = {isa = PBXFileReference; lastKnownFileType = "sourcecode.text-based-dylib-definition"; name = libsqlite3.0.tbd; path = usr/lib/libsqlite3.0.tbd; sourceTree = SDKROOT; };
/* End PBXFileReference section */

/* Begin PBXFrameworksBuildPhase section */
		21CD080D1D94CF0F00B83D45 /* Frameworks */ = {
			isa = PBXFrameworksBuildPhase;
			buildActionMask = 2147483647;
			files = (
				21D789341D967FE5002559D1 /* libsqlite3.0.tbd in Frameworks */,
			);
			runOnlyForDeploymentPostprocessing = 0;
		};
		21CD08261D94CF0F00B83D45 /* Frameworks */ = {
			isa = PBXFrameworksBuildPhase;
			buildActionMask = 2147483647;
			files = (
			);
			runOnlyForDeploymentPostprocessing = 0;
		};
		21CD08311D94CF0F00B83D45 /* Frameworks */ = {
			isa = PBXFrameworksBuildPhase;
			buildActionMask = 2147483647;
			files = (
			);
			runOnlyForDeploymentPostprocessing = 0;
		};
/* End PBXFrameworksBuildPhase section */

/* Begin PBXGroup section */
		21BA06021D94E54D00F1FACA /* AFNetworking */ = {
			isa = PBXGroup;
			children = (
				21BA06031D94E54D00F1FACA /* AFNetworking */,
				21BA06111D94E54D00F1FACA /* LICENSE */,
				21BA06121D94E54D00F1FACA /* README.md */,
				21BA06131D94E54D00F1FACA /* UIKit+AFNetworking */,
			);
			path = AFNetworking;
			sourceTree = "<group>";
		};
		21BA06031D94E54D00F1FACA /* AFNetworking */ = {
			isa = PBXGroup;
			children = (
				21BA06041D94E54D00F1FACA /* AFHTTPSessionManager.h */,
				21BA06051D94E54D00F1FACA /* AFHTTPSessionManager.m */,
				21BA06061D94E54D00F1FACA /* AFNetworking.h */,
				21BA06071D94E54D00F1FACA /* AFNetworkReachabilityManager.h */,
				21BA06081D94E54D00F1FACA /* AFNetworkReachabilityManager.m */,
				21BA06091D94E54D00F1FACA /* AFSecurityPolicy.h */,
				21BA060A1D94E54D00F1FACA /* AFSecurityPolicy.m */,
				21BA060B1D94E54D00F1FACA /* AFURLRequestSerialization.h */,
				21BA060C1D94E54D00F1FACA /* AFURLRequestSerialization.m */,
				21BA060D1D94E54D00F1FACA /* AFURLResponseSerialization.h */,
				21BA060E1D94E54D00F1FACA /* AFURLResponseSerialization.m */,
				21BA060F1D94E54D00F1FACA /* AFURLSessionManager.h */,
				21BA06101D94E54D00F1FACA /* AFURLSessionManager.m */,
			);
			path = AFNetworking;
			sourceTree = "<group>";
		};
		21BA06131D94E54D00F1FACA /* UIKit+AFNetworking */ = {
			isa = PBXGroup;
			children = (
				21BA06141D94E54D00F1FACA /* AFAutoPurgingImageCache.h */,
				21BA06151D94E54D00F1FACA /* AFAutoPurgingImageCache.m */,
				21BA06161D94E54D00F1FACA /* AFImageDownloader.h */,
				21BA06171D94E54D00F1FACA /* AFImageDownloader.m */,
				21BA06181D94E54D00F1FACA /* AFNetworkActivityIndicatorManager.h */,
				21BA06191D94E54D00F1FACA /* AFNetworkActivityIndicatorManager.m */,
				21BA061A1D94E54D00F1FACA /* UIActivityIndicatorView+AFNetworking.h */,
				21BA061B1D94E54D00F1FACA /* UIActivityIndicatorView+AFNetworking.m */,
				21BA061C1D94E54D00F1FACA /* UIButton+AFNetworking.h */,
				21BA061D1D94E54D00F1FACA /* UIButton+AFNetworking.m */,
				21BA061E1D94E54D00F1FACA /* UIImage+AFNetworking.h */,
				21BA061F1D94E54D00F1FACA /* UIImageView+AFNetworking.h */,
				21BA06201D94E54D00F1FACA /* UIImageView+AFNetworking.m */,
				21BA06211D94E54D00F1FACA /* UIKit+AFNetworking.h */,
				21BA06221D94E54D00F1FACA /* UIProgressView+AFNetworking.h */,
				21BA06231D94E54D00F1FACA /* UIProgressView+AFNetworking.m */,
				21BA06241D94E54D00F1FACA /* UIRefreshControl+AFNetworking.h */,
				21BA06251D94E54D00F1FACA /* UIRefreshControl+AFNetworking.m */,
				21BA06261D94E54D00F1FACA /* UIWebView+AFNetworking.h */,
				21BA06271D94E54D00F1FACA /* UIWebView+AFNetworking.m */,
			);
			path = "UIKit+AFNetworking";
			sourceTree = "<group>";
		};
		21BA06281D94E54D00F1FACA /* MBProgressHUD */ = {
			isa = PBXGroup;
			children = (
				21BA06291D94E54D00F1FACA /* MBProgressHUD+MJ.h */,
				21BA062A1D94E54D00F1FACA /* MBProgressHUD+MJ.m */,
				21BA062B1D94E54D00F1FACA /* MBProgressHUD.bundle */,
				21BA062C1D94E54D00F1FACA /* MBProgressHUD.h */,
				21BA062D1D94E54D00F1FACA /* MBProgressHUD.m */,
			);
			path = MBProgressHUD;
			sourceTree = "<group>";
		};
		21BA062E1D94E54D00F1FACA /* MJExtension */ = {
			isa = PBXGroup;
			children = (
				21BA062F1D94E54D00F1FACA /* LICENSE */,
				21BA06301D94E54D00F1FACA /* MJExtension */,
				21BA06461D94E54D00F1FACA /* README.md */,
			);
			path = MJExtension;
			sourceTree = "<group>";
		};
		21BA06301D94E54D00F1FACA /* MJExtension */ = {
			isa = PBXGroup;
			children = (
				21BA06311D94E54D00F1FACA /* MJExtension.h */,
				21BA06321D94E54D00F1FACA /* MJExtensionConst.h */,
				21BA06331D94E54D00F1FACA /* MJExtensionConst.m */,
				21BA06341D94E54D00F1FACA /* MJFoundation.h */,
				21BA06351D94E54D00F1FACA /* MJFoundation.m */,
				21BA06361D94E54D00F1FACA /* MJProperty.h */,
				21BA06371D94E54D00F1FACA /* MJProperty.m */,
				21BA06381D94E54D00F1FACA /* MJPropertyKey.h */,
				21BA06391D94E54D00F1FACA /* MJPropertyKey.m */,
				21BA063A1D94E54D00F1FACA /* MJPropertyType.h */,
				21BA063B1D94E54D00F1FACA /* MJPropertyType.m */,
				21BA063C1D94E54D00F1FACA /* NSObject+MJClass.h */,
				21BA063D1D94E54D00F1FACA /* NSObject+MJClass.m */,
				21BA063E1D94E54D00F1FACA /* NSObject+MJCoding.h */,
				21BA063F1D94E54D00F1FACA /* NSObject+MJCoding.m */,
				21BA06401D94E54D00F1FACA /* NSObject+MJKeyValue.h */,
				21BA06411D94E54D00F1FACA /* NSObject+MJKeyValue.m */,
				21BA06421D94E54D00F1FACA /* NSObject+MJProperty.h */,
				21BA06431D94E54D00F1FACA /* NSObject+MJProperty.m */,
				21BA06441D94E54D00F1FACA /* NSString+MJExtension.h */,
				21BA06451D94E54D00F1FACA /* NSString+MJExtension.m */,
			);
			path = MJExtension;
			sourceTree = "<group>";
		};
		21BA06471D94E54D00F1FACA /* MJRefresh */ = {
			isa = PBXGroup;
			children = (
				21BA06481D94E54D00F1FACA /* LICENSE */,
				21BA06491D94E54D00F1FACA /* MJRefresh */,
				21BA06781D94E54D00F1FACA /* README.md */,
			);
			path = MJRefresh;
			sourceTree = "<group>";
		};
		21BA06491D94E54D00F1FACA /* MJRefresh */ = {
			isa = PBXGroup;
			children = (
				21BA064A1D94E54D00F1FACA /* Base */,
				21BA06551D94E54D00F1FACA /* Custom */,
				21BA066C1D94E54D00F1FACA /* MJRefresh.bundle */,
				21BA066D1D94E54D00F1FACA /* MJRefresh.h */,
				21BA066E1D94E54D00F1FACA /* MJRefreshConst.h */,
				21BA066F1D94E54D00F1FACA /* MJRefreshConst.m */,
				21BA06701D94E54D00F1FACA /* NSBundle+MJRefresh.h */,
				21BA06711D94E54D00F1FACA /* NSBundle+MJRefresh.m */,
				21BA06721D94E54D00F1FACA /* UIScrollView+MJExtension.h */,
				21BA06731D94E54D00F1FACA /* UIScrollView+MJExtension.m */,
				21BA06741D94E54D00F1FACA /* UIScrollView+MJRefresh.h */,
				21BA06751D94E54D00F1FACA /* UIScrollView+MJRefresh.m */,
				21BA06761D94E54D00F1FACA /* UIView+MJExtension.h */,
				21BA06771D94E54D00F1FACA /* UIView+MJExtension.m */,
			);
			path = MJRefresh;
			sourceTree = "<group>";
		};
		21BA064A1D94E54D00F1FACA /* Base */ = {
			isa = PBXGroup;
			children = (
				21BA064B1D94E54D00F1FACA /* MJRefreshAutoFooter.h */,
				21BA064C1D94E54D00F1FACA /* MJRefreshAutoFooter.m */,
				21BA064D1D94E54D00F1FACA /* MJRefreshBackFooter.h */,
				21BA064E1D94E54D00F1FACA /* MJRefreshBackFooter.m */,
				21BA064F1D94E54D00F1FACA /* MJRefreshComponent.h */,
				21BA06501D94E54D00F1FACA /* MJRefreshComponent.m */,
				21BA06511D94E54D00F1FACA /* MJRefreshFooter.h */,
				21BA06521D94E54D00F1FACA /* MJRefreshFooter.m */,
				21BA06531D94E54D00F1FACA /* MJRefreshHeader.h */,
				21BA06541D94E54D00F1FACA /* MJRefreshHeader.m */,
			);
			path = Base;
			sourceTree = "<group>";
		};
		21BA06551D94E54D00F1FACA /* Custom */ = {
			isa = PBXGroup;
			children = (
				21BA06561D94E54D00F1FACA /* Footer */,
				21BA06651D94E54D00F1FACA /* Header */,
			);
			path = Custom;
			sourceTree = "<group>";
		};
		21BA06561D94E54D00F1FACA /* Footer */ = {
			isa = PBXGroup;
			children = (
				21BA06571D94E54D00F1FACA /* Auto */,
				21BA065E1D94E54D00F1FACA /* Back */,
			);
			path = Footer;
			sourceTree = "<group>";
		};
		21BA06571D94E54D00F1FACA /* Auto */ = {
			isa = PBXGroup;
			children = (
				21BA06581D94E54D00F1FACA /* MJRefreshAutoGifFooter.h */,
				21BA06591D94E54D00F1FACA /* MJRefreshAutoGifFooter.m */,
				21BA065A1D94E54D00F1FACA /* MJRefreshAutoNormalFooter.h */,
				21BA065B1D94E54D00F1FACA /* MJRefreshAutoNormalFooter.m */,
				21BA065C1D94E54D00F1FACA /* MJRefreshAutoStateFooter.h */,
				21BA065D1D94E54D00F1FACA /* MJRefreshAutoStateFooter.m */,
			);
			path = Auto;
			sourceTree = "<group>";
		};
		21BA065E1D94E54D00F1FACA /* Back */ = {
			isa = PBXGroup;
			children = (
				21BA065F1D94E54D00F1FACA /* MJRefreshBackGifFooter.h */,
				21BA06601D94E54D00F1FACA /* MJRefreshBackGifFooter.m */,
				21BA06611D94E54D00F1FACA /* MJRefreshBackNormalFooter.h */,
				21BA06621D94E54D00F1FACA /* MJRefreshBackNormalFooter.m */,
				21BA06631D94E54D00F1FACA /* MJRefreshBackStateFooter.h */,
				21BA06641D94E54D00F1FACA /* MJRefreshBackStateFooter.m */,
			);
			path = Back;
			sourceTree = "<group>";
		};
		21BA06651D94E54D00F1FACA /* Header */ = {
			isa = PBXGroup;
			children = (
				21BA06661D94E54D00F1FACA /* MJRefreshGifHeader.h */,
				21BA06671D94E54D00F1FACA /* MJRefreshGifHeader.m */,
				21BA06681D94E54D00F1FACA /* MJRefreshNormalHeader.h */,
				21BA06691D94E54D00F1FACA /* MJRefreshNormalHeader.m */,
				21BA066A1D94E54D00F1FACA /* MJRefreshStateHeader.h */,
				21BA066B1D94E54D00F1FACA /* MJRefreshStateHeader.m */,
			);
			path = Header;
			sourceTree = "<group>";
		};
		21BA06791D94E54D00F1FACA /* SDWebImage */ = {
			isa = PBXGroup;
			children = (
				21BA067A1D94E54D00F1FACA /* LICENSE */,
				21BA067B1D94E54D00F1FACA /* README.md */,
				21BA067C1D94E54D00F1FACA /* SDWebImage */,
			);
			path = SDWebImage;
			sourceTree = "<group>";
		};
		21BA067C1D94E54D00F1FACA /* SDWebImage */ = {
			isa = PBXGroup;
			children = (
				21BA067D1D94E54D00F1FACA /* NSData+ImageContentType.h */,
				21BA067E1D94E54D00F1FACA /* NSData+ImageContentType.m */,
				21BA067F1D94E54D00F1FACA /* SDImageCache.h */,
				21BA06801D94E54D00F1FACA /* SDImageCache.m */,
				21BA06811D94E54D00F1FACA /* SDWebImageCompat.h */,
				21BA06821D94E54D00F1FACA /* SDWebImageCompat.m */,
				21BA06831D94E54D00F1FACA /* SDWebImageDecoder.h */,
				21BA06841D94E54D00F1FACA /* SDWebImageDecoder.m */,
				21BA06851D94E54D00F1FACA /* SDWebImageDownloader.h */,
				21BA06861D94E54D00F1FACA /* SDWebImageDownloader.m */,
				21BA06871D94E54D00F1FACA /* SDWebImageDownloaderOperation.h */,
				21BA06881D94E54D00F1FACA /* SDWebImageDownloaderOperation.m */,
				21BA06891D94E54D00F1FACA /* SDWebImageManager.h */,
				21BA068A1D94E54D00F1FACA /* SDWebImageManager.m */,
				21BA068B1D94E54D00F1FACA /* SDWebImageOperation.h */,
				21BA068C1D94E54D00F1FACA /* SDWebImagePrefetcher.h */,
				21BA068D1D94E54D00F1FACA /* SDWebImagePrefetcher.m */,
				21BA068E1D94E54D00F1FACA /* UIButton+WebCache.h */,
				21BA068F1D94E54D00F1FACA /* UIButton+WebCache.m */,
				21BA06901D94E54D00F1FACA /* UIImage+GIF.h */,
				21BA06911D94E54D00F1FACA /* UIImage+GIF.m */,
				21BA06921D94E54D00F1FACA /* UIImage+MultiFormat.h */,
				21BA06931D94E54D00F1FACA /* UIImage+MultiFormat.m */,
				21BA06941D94E54D00F1FACA /* UIImageView+HighlightedWebCache.h */,
				21BA06951D94E54D00F1FACA /* UIImageView+HighlightedWebCache.m */,
				21BA06961D94E54D00F1FACA /* UIImageView+WebCache.h */,
				21BA06971D94E54D00F1FACA /* UIImageView+WebCache.m */,
				21BA06981D94E54D00F1FACA /* UIView+WebCacheOperation.h */,
				21BA06991D94E54D00F1FACA /* UIView+WebCacheOperation.m */,
			);
			path = SDWebImage;
			sourceTree = "<group>";
		};
		21BA06E01D94E5F600F1FACA /* Masonry */ = {
			isa = PBXGroup;
			children = (
				21BA06E11D94E5F600F1FACA /* LICENSE */,
				21BA06E21D94E5F600F1FACA /* Masonry */,
				21BA06FC1D94E5F600F1FACA /* README.md */,
			);
			path = Masonry;
			sourceTree = "<group>";
		};
		21BA06E21D94E5F600F1FACA /* Masonry */ = {
			isa = PBXGroup;
			children = (
				21BA06E31D94E5F600F1FACA /* MASCompositeConstraint.h */,
				21BA06E41D94E5F600F1FACA /* MASCompositeConstraint.m */,
				21BA06E51D94E5F600F1FACA /* MASConstraint+Private.h */,
				21BA06E61D94E5F600F1FACA /* MASConstraint.h */,
				21BA06E71D94E5F600F1FACA /* MASConstraint.m */,
				21BA06E81D94E5F600F1FACA /* MASConstraintMaker.h */,
				21BA06E91D94E5F600F1FACA /* MASConstraintMaker.m */,
				21BA06EA1D94E5F600F1FACA /* MASLayoutConstraint.h */,
				21BA06EB1D94E5F600F1FACA /* MASLayoutConstraint.m */,
				21BA06EC1D94E5F600F1FACA /* Masonry.h */,
				21BA06ED1D94E5F600F1FACA /* MASUtilities.h */,
				21BA06EE1D94E5F600F1FACA /* MASViewAttribute.h */,
				21BA06EF1D94E5F600F1FACA /* MASViewAttribute.m */,
				21BA06F01D94E5F600F1FACA /* MASViewConstraint.h */,
				21BA06F11D94E5F600F1FACA /* MASViewConstraint.m */,
				21BA06F21D94E5F600F1FACA /* NSArray+MASAdditions.h */,
				21BA06F31D94E5F600F1FACA /* NSArray+MASAdditions.m */,
				21BA06F41D94E5F600F1FACA /* NSArray+MASShorthandAdditions.h */,
				21BA06F51D94E5F600F1FACA /* NSLayoutConstraint+MASDebugAdditions.h */,
				21BA06F61D94E5F600F1FACA /* NSLayoutConstraint+MASDebugAdditions.m */,
				21BA06F71D94E5F600F1FACA /* View+MASAdditions.h */,
				21BA06F81D94E5F600F1FACA /* View+MASAdditions.m */,
				21BA06F91D94E5F600F1FACA /* View+MASShorthandAdditions.h */,
				21BA06FA1D94E5F600F1FACA /* ViewController+MASAdditions.h */,
				21BA06FB1D94E5F600F1FACA /* ViewController+MASAdditions.m */,
			);
			path = Masonry;
			sourceTree = "<group>";
		};
		21CD08071D94CF0F00B83D45 = {
			isa = PBXGroup;
			children = (
				21CD08121D94CF0F00B83D45 /* Base */,
				21CD082C1D94CF0F00B83D45 /* GLinkTests */,
				21CD08371D94CF0F00B83D45 /* GLinkUITests */,
				21CD08111D94CF0F00B83D45 /* Products */,
				21D789321D967FE5002559D1 /* Frameworks */,
			);
			sourceTree = "<group>";
		};
		21CD08111D94CF0F00B83D45 /* Products */ = {
			isa = PBXGroup;
			children = (
				21CD08101D94CF0F00B83D45 /* Base.app */,
				21CD08291D94CF0F00B83D45 /* BaseTests.xctest */,
				21CD08341D94CF0F00B83D45 /* BaseUITests.xctest */,
			);
			name = Products;
			sourceTree = "<group>";
		};
		21CD08121D94CF0F00B83D45 /* Base */ = {
			isa = PBXGroup;
			children = (
				21CD08461D94D02F00B83D45 /* Business */,
				21CD08541D94D02F00B83D45 /* Public */,
				21CD08161D94CF0F00B83D45 /* AppDelegate.h */,
				21CD08171D94CF0F00B83D45 /* AppDelegate.m */,
				21CD08191D94CF0F00B83D45 /* ViewController.h */,
				21CD081A1D94CF0F00B83D45 /* ViewController.m */,
				21CD081C1D94CF0F00B83D45 /* Main.storyboard */,
				21CD088D1D94DE3B00B83D45 /* GLinkPrefix.pch */,
				21CD081F1D94CF0F00B83D45 /* Assets.xcassets */,
				21CD08211D94CF0F00B83D45 /* LaunchScreen.storyboard */,
				21CD08241D94CF0F00B83D45 /* Info.plist */,
				21CD08131D94CF0F00B83D45 /* Supporting Files */,
			);
			name = Base;
			path = GLink;
			sourceTree = "<group>";
		};
		21CD08131D94CF0F00B83D45 /* Supporting Files */ = {
			isa = PBXGroup;
			children = (
				21CD08141D94CF0F00B83D45 /* main.m */,
			);
			name = "Supporting Files";
			sourceTree = "<group>";
		};
		21CD082C1D94CF0F00B83D45 /* GLinkTests */ = {
			isa = PBXGroup;
			children = (
				21CD082D1D94CF0F00B83D45 /* GLinkTests.m */,
				21CD082F1D94CF0F00B83D45 /* Info.plist */,
			);
			path = GLinkTests;
			sourceTree = "<group>";
		};
		21CD08371D94CF0F00B83D45 /* GLinkUITests */ = {
			isa = PBXGroup;
			children = (
				21CD08381D94CF0F00B83D45 /* GLinkUITests.m */,
				21CD083A1D94CF0F00B83D45 /* Info.plist */,
			);
			path = GLinkUITests;
			sourceTree = "<group>";
		};
		21CD08461D94D02F00B83D45 /* Business */ = {
			isa = PBXGroup;
			children = (
				21CD08471D94D02F00B83D45 /* General */,
				21CD08501D94D02F00B83D45 /* Models */,
				21CD08521D94D02F00B83D45 /* Sections */,
			);
			path = Business;
			sourceTree = "<group>";
		};
		21CD08471D94D02F00B83D45 /* General */ = {
			isa = PBXGroup;
			children = (
				21CD08481D94D02F00B83D45 /* Categories */,
				21CD08491D94D02F00B83D45 /* Classes */,
				21CD084E1D94D02F00B83D45 /* Views */,
			);
			path = General;
			sourceTree = "<group>";
		};
		21CD08481D94D02F00B83D45 /* Categories */ = {
			isa = PBXGroup;
			children = (
				21CD088A1D94DD1900B83D45 /* UIView+Extension.h */,
				21CD088B1D94DD1900B83D45 /* UIView+Extension.m */,
				21CD08811D94DCDD00B83D45 /* UIImage+Extension.h */,
				21CD08821D94DCDD00B83D45 /* UIImage+Extension.m */,
				21CD08871D94DD0400B83D45 /* UIImageView+Extension.h */,
				21CD08881D94DD0400B83D45 /* UIImageView+Extension.m */,
				21CD087B1D94DC0800B83D45 /* UIButton+Extension.h */,
				21CD087C1D94DC0800B83D45 /* UIButton+Extension.m */,
				21CD08781D94DB7100B83D45 /* UIBarButtonItem+LH.h */,
				21CD08791D94DB7100B83D45 /* UIBarButtonItem+LH.m */,
				21CD087E1D94DCA700B83D45 /* UIDevice+Extension.h */,
				21CD087F1D94DCA700B83D45 /* UIDevice+Extension.m */,
				21CD08841D94DCF300B83D45 /* UIViewController+Extension.h */,
				21CD08851D94DCF300B83D45 /* UIViewController+Extension.m */,
			);
			path = Categories;
			sourceTree = "<group>";
		};
		21CD08491D94D02F00B83D45 /* Classes */ = {
			isa = PBXGroup;
			children = (
				21CD08741D94DAFD00B83D45 /* BaseNavtionController.h */,
				21CD08751D94DAFD00B83D45 /* BaseNavtionController.m */,
				21BA07091D94E7B000F1FACA /* BaseTabBarController.h */,
				21BA070A1D94E7B000F1FACA /* BaseTabBarController.m */,
				21BA070C1D94ED7700F1FACA /* BaseViewController.h */,
				21BA070D1D94ED7700F1FACA /* BaseViewController.m */,
			);
			path = Classes;
			sourceTree = "<group>";
		};
		21CD084E1D94D02F00B83D45 /* Views */ = {
			isa = PBXGroup;
			children = (
			);
			path = Views;
			sourceTree = "<group>";
		};
		21CD08501D94D02F00B83D45 /* Models */ = {
			isa = PBXGroup;
			children = (
			);
			path = Models;
			sourceTree = "<group>";
		};
		21CD08521D94D02F00B83D45 /* Sections */ = {
			isa = PBXGroup;
			children = (
				212F3D901DA5E9D200B63D37 /* MainViewController.h */,
				212F3D911DA5E9D200B63D37 /* MainViewController.m */,
				212F3D921DA5E9D200B63D37 /* MainViewController.xib */,
			);
			path = Sections;
			sourceTree = "<group>";
		};
		21CD08541D94D02F00B83D45 /* Public */ = {
			isa = PBXGroup;
			children = (
				21CD08551D94D02F00B83D45 /* Helpers */,
				21CD08571D94D02F00B83D45 /* Macro */,
				21CD085D1D94D02F00B83D45 /* Resources */,
				21CD08621D94D02F00B83D45 /* Vendors */,
			);
			path = Public;
			sourceTree = "<group>";
		};
		21CD08551D94D02F00B83D45 /* Helpers */ = {
			isa = PBXGroup;
			children = (
				21D7890E1D966D3E002559D1 /* toast */,
			);
			path = Helpers;
			sourceTree = "<group>";
		};
		21CD08571D94D02F00B83D45 /* Macro */ = {
			isa = PBXGroup;
			children = (
				21CD08581D94D02F00B83D45 /* AppMacro.h */,
				21CD08591D94D02F00B83D45 /* NotificationMacro.h */,
				21CD085B1D94D02F00B83D45 /* UtilsMacro.h */,
				21CD085C1D94D02F00B83D45 /* VendorMacro.h */,
				21CD088E1D94DEEE00B83D45 /* Header.h */,
			);
			path = Macro;
			sourceTree = "<group>";
		};
		21CD085D1D94D02F00B83D45 /* Resources */ = {
			isa = PBXGroup;
			children = (
				21CD085E1D94D02F00B83D45 /* BigPhoto */,
				21CD08601D94D02F00B83D45 /* Strings */,
			);
			path = Resources;
			sourceTree = "<group>";
		};
		21CD085E1D94D02F00B83D45 /* BigPhoto */ = {
			isa = PBXGroup;
			children = (
			);
			path = BigPhoto;
			sourceTree = "<group>";
		};
		21CD08601D94D02F00B83D45 /* Strings */ = {
			isa = PBXGroup;
			children = (
				21CD08611D94D02F00B83D45 /* local.strings */,
			);
			path = Strings;
			sourceTree = "<group>";
		};
		21CD08621D94D02F00B83D45 /* Vendors */ = {
			isa = PBXGroup;
			children = (
				21BA06E01D94E5F600F1FACA /* Masonry */,
				21BA06021D94E54D00F1FACA /* AFNetworking */,
				21BA06281D94E54D00F1FACA /* MBProgressHUD */,
				21BA062E1D94E54D00F1FACA /* MJExtension */,
				21BA06471D94E54D00F1FACA /* MJRefresh */,
				21BA06791D94E54D00F1FACA /* SDWebImage */,
			);
			path = Vendors;
			sourceTree = "<group>";
		};
		21D7890E1D966D3E002559D1 /* toast */ = {
			isa = PBXGroup;
			children = (
				21D789171D966DA1002559D1 /* ToastView.h */,
				21D789181D966DA1002559D1 /* ToastView.m */,
				21D789191D966DA1002559D1 /* ToastView.xib */,
				21D789121D966D3E002559D1 /* UIViewController+XQToast.h */,
				21D789131D966D3E002559D1 /* UIViewController+XQToast.m */,
			);
			path = toast;
			sourceTree = "<group>";
		};
		21D789321D967FE5002559D1 /* Frameworks */ = {
			isa = PBXGroup;
			children = (
				21D789331D967FE5002559D1 /* libsqlite3.0.tbd */,
			);
			name = Frameworks;
			sourceTree = "<group>";
		};
/* End PBXGroup section */

/* Begin PBXNativeTarget section */
		21CD080F1D94CF0F00B83D45 /* Base */ = {
			isa = PBXNativeTarget;
			buildConfigurationList = 21CD083D1D94CF0F00B83D45 /* Build configuration list for PBXNativeTarget "Base" */;
			buildPhases = (
				21CD080C1D94CF0F00B83D45 /* Sources */,
				21CD080D1D94CF0F00B83D45 /* Frameworks */,
				21CD080E1D94CF0F00B83D45 /* Resources */,
			);
			buildRules = (
			);
			dependencies = (
			);
			name = Base;
			productName = GLink;
			productReference = 21CD08101D94CF0F00B83D45 /* Base.app */;
			productType = "com.apple.product-type.application";
		};
		21CD08281D94CF0F00B83D45 /* BaseTests */ = {
			isa = PBXNativeTarget;
			buildConfigurationList = 21CD08401D94CF0F00B83D45 /* Build configuration list for PBXNativeTarget "BaseTests" */;
			buildPhases = (
				21CD08251D94CF0F00B83D45 /* Sources */,
				21CD08261D94CF0F00B83D45 /* Frameworks */,
				21CD08271D94CF0F00B83D45 /* Resources */,
			);
			buildRules = (
			);
			dependencies = (
				21CD082B1D94CF0F00B83D45 /* PBXTargetDependency */,
			);
			name = BaseTests;
			productName = GLinkTests;
			productReference = 21CD08291D94CF0F00B83D45 /* BaseTests.xctest */;
			productType = "com.apple.product-type.bundle.unit-test";
		};
		21CD08331D94CF0F00B83D45 /* BaseUITests */ = {
			isa = PBXNativeTarget;
			buildConfigurationList = 21CD08431D94CF0F00B83D45 /* Build configuration list for PBXNativeTarget "BaseUITests" */;
			buildPhases = (
				21CD08301D94CF0F00B83D45 /* Sources */,
				21CD08311D94CF0F00B83D45 /* Frameworks */,
				21CD08321D94CF0F00B83D45 /* Resources */,
			);
			buildRules = (
			);
			dependencies = (
				21CD08361D94CF0F00B83D45 /* PBXTargetDependency */,
			);
			name = BaseUITests;
			productName = GLinkUITests;
			productReference = 21CD08341D94CF0F00B83D45 /* BaseUITests.xctest */;
			productType = "com.apple.product-type.bundle.ui-testing";
		};
/* End PBXNativeTarget section */

/* Begin PBXProject section */
		21CD08081D94CF0F00B83D45 /* Project object */ = {
			isa = PBXProject;
			attributes = {
				LastUpgradeCheck = 0800;
				ORGANIZATIONNAME = lawrence;
				TargetAttributes = {
					21CD080F1D94CF0F00B83D45 = {
						CreatedOnToolsVersion = 8.0;
						DevelopmentTeam = 6F8WFPS43G;
						ProvisioningStyle = Automatic;
					};
					21CD08281D94CF0F00B83D45 = {
						CreatedOnToolsVersion = 8.0;
						DevelopmentTeam = 6F8WFPS43G;
						ProvisioningStyle = Automatic;
						TestTargetID = 21CD080F1D94CF0F00B83D45;
					};
					21CD08331D94CF0F00B83D45 = {
						CreatedOnToolsVersion = 8.0;
						DevelopmentTeam = 6F8WFPS43G;
						ProvisioningStyle = Automatic;
						TestTargetID = 21CD080F1D94CF0F00B83D45;
					};
				};
			};
			buildConfigurationList = 21CD080B1D94CF0F00B83D45 /* Build configuration list for PBXProject "Base" */;
			compatibilityVersion = "Xcode 3.2";
			developmentRegion = English;
			hasScannedForEncodings = 0;
			knownRegions = (
				en,
				Base,
			);
			mainGroup = 21CD08071D94CF0F00B83D45;
			productRefGroup = 21CD08111D94CF0F00B83D45 /* Products */;
			projectDirPath = "";
			projectRoot = "";
			targets = (
				21CD080F1D94CF0F00B83D45 /* Base */,
				21CD08281D94CF0F00B83D45 /* BaseTests */,
				21CD08331D94CF0F00B83D45 /* BaseUITests */,
			);
		};
/* End PBXProject section */

/* Begin PBXResourcesBuildPhase section */
		21CD080E1D94CF0F00B83D45 /* Resources */ = {
			isa = PBXResourcesBuildPhase;
			buildActionMask = 2147483647;
			files = (
				21CD08231D94CF0F00B83D45 /* LaunchScreen.storyboard in Resources */,
				212F3D941DA5E9D200B63D37 /* MainViewController.xib in Resources */,
				21CD086D1D94D02F00B83D45 /* local.strings in Resources */,
				21BA06BA1D94E54D00F1FACA /* LICENSE in Resources */,
				21CD08201D94CF0F00B83D45 /* Assets.xcassets in Resources */,
				21BA06D01D94E54D00F1FACA /* LICENSE in Resources */,
				21D7891B1D966DA1002559D1 /* ToastView.xib in Resources */,
				21BA06FD1D94E5F600F1FACA /* LICENSE in Resources */,
				21BA06AE1D94E54D00F1FACA /* LICENSE in Resources */,
				21CD081E1D94CF0F00B83D45 /* Main.storyboard in Resources */,
				21BA06A01D94E54D00F1FACA /* LICENSE in Resources */,
				21BA06AC1D94E54D00F1FACA /* MBProgressHUD.bundle in Resources */,
				21BA06C91D94E54D00F1FACA /* MJRefresh.bundle in Resources */,
			);
			runOnlyForDeploymentPostprocessing = 0;
		};
		21CD08271D94CF0F00B83D45 /* Resources */ = {
			isa = PBXResourcesBuildPhase;
			buildActionMask = 2147483647;
			files = (
			);
			runOnlyForDeploymentPostprocessing = 0;
		};
		21CD08321D94CF0F00B83D45 /* Resources */ = {
			isa = PBXResourcesBuildPhase;
			buildActionMask = 2147483647;
			files = (
			);
			runOnlyForDeploymentPostprocessing = 0;
		};
/* End PBXResourcesBuildPhase section */

/* Begin PBXSourcesBuildPhase section */
		21CD080C1D94CF0F00B83D45 /* Sources */ = {
			isa = PBXSourcesBuildPhase;
			buildActionMask = 2147483647;
			files = (
				21BA06C31D94E54D00F1FACA /* MJRefreshBackGifFooter.m in Sources */,
				21BA06BC1D94E54D00F1FACA /* MJRefreshBackFooter.m in Sources */,
				21BA06BE1D94E54D00F1FACA /* MJRefreshFooter.m in Sources */,
				21BA069F1D94E54D00F1FACA /* AFURLSessionManager.m in Sources */,
				212F3D931DA5E9D200B63D37 /* MainViewController.m in Sources */,
				21D7891A1D966DA1002559D1 /* ToastView.m in Sources */,
				21BA06BB1D94E54D00F1FACA /* MJRefreshAutoFooter.m in Sources */,
				21BA06FF1D94E5F600F1FACA /* MASConstraint.m in Sources */,
				21BA06B21D94E54D00F1FACA /* MJPropertyKey.m in Sources */,
				21BA069C1D94E54D00F1FACA /* AFSecurityPolicy.m in Sources */,
				21BA06DA1D94E54D00F1FACA /* UIButton+WebCache.m in Sources */,
				21BA06D71D94E54D00F1FACA /* SDWebImageDownloaderOperation.m in Sources */,
				21CD08801D94DCA700B83D45 /* UIDevice+Extension.m in Sources */,
				21BA06B11D94E54D00F1FACA /* MJProperty.m in Sources */,
				21BA069B1D94E54D00F1FACA /* AFNetworkReachabilityManager.m in Sources */,
				21D789161D966D3F002559D1 /* UIViewController+XQToast.m in Sources */,
				21BA06DE1D94E54D00F1FACA /* UIImageView+WebCache.m in Sources */,
				21BA06AB1D94E54D00F1FACA /* MBProgressHUD+MJ.m in Sources */,
				21BA06A81D94E54D00F1FACA /* UIProgressView+AFNetworking.m in Sources */,
				21BA06C61D94E54D00F1FACA /* MJRefreshGifHeader.m in Sources */,
				21CD08761D94DAFD00B83D45 /* BaseNavtionController.m in Sources */,
				21BA06DC1D94E54D00F1FACA /* UIImage+MultiFormat.m in Sources */,
				21BA06A41D94E54D00F1FACA /* AFNetworkActivityIndicatorManager.m in Sources */,
				21BA07061D94E5F600F1FACA /* View+MASAdditions.m in Sources */,
				21BA06AD1D94E54D00F1FACA /* MBProgressHUD.m in Sources */,
				21CD088C1D94DD1900B83D45 /* UIView+Extension.m in Sources */,
				21BA06CE1D94E54D00F1FACA /* UIView+MJExtension.m in Sources */,
				21BA06C71D94E54D00F1FACA /* MJRefreshNormalHeader.m in Sources */,
				21BA06A61D94E54D00F1FACA /* UIButton+AFNetworking.m in Sources */,
				21BA06FE1D94E5F600F1FACA /* MASCompositeConstraint.m in Sources */,
				21BA06CA1D94E54D00F1FACA /* MJRefreshConst.m in Sources */,
				21BA06B71D94E54D00F1FACA /* NSObject+MJProperty.m in Sources */,
				21BA06D11D94E54D00F1FACA /* README.md in Sources */,
				21BA06B31D94E54D00F1FACA /* MJPropertyType.m in Sources */,
				21BA06A11D94E54D00F1FACA /* README.md in Sources */,
				21BA06C51D94E54D00F1FACA /* MJRefreshBackStateFooter.m in Sources */,
				21BA06A31D94E54D00F1FACA /* AFImageDownloader.m in Sources */,
				21BA06C21D94E54D00F1FACA /* MJRefreshAutoStateFooter.m in Sources */,
				21BA06D21D94E54D00F1FACA /* NSData+ImageContentType.m in Sources */,
				21BA06AA1D94E54D00F1FACA /* UIWebView+AFNetworking.m in Sources */,
				21BA06CC1D94E54D00F1FACA /* UIScrollView+MJExtension.m in Sources */,
				21BA069A1D94E54D00F1FACA /* AFHTTPSessionManager.m in Sources */,
				21BA06B01D94E54D00F1FACA /* MJFoundation.m in Sources */,
				21BA06DF1D94E54D00F1FACA /* UIView+WebCacheOperation.m in Sources */,
				21BA07011D94E5F600F1FACA /* MASLayoutConstraint.m in Sources */,
				21CD087D1D94DC0800B83D45 /* UIButton+Extension.m in Sources */,
				21BA06AF1D94E54D00F1FACA /* MJExtensionConst.m in Sources */,
				21BA06B91D94E54D00F1FACA /* README.md in Sources */,
				21BA06D81D94E54D00F1FACA /* SDWebImageManager.m in Sources */,
				21BA07021D94E5F600F1FACA /* MASViewAttribute.m in Sources */,
				21BA06C11D94E54D00F1FACA /* MJRefreshAutoNormalFooter.m in Sources */,
				21BA06A21D94E54D00F1FACA /* AFAutoPurgingImageCache.m in Sources */,
				21BA06BD1D94E54D00F1FACA /* MJRefreshComponent.m in Sources */,
				21BA07001D94E5F600F1FACA /* MASConstraintMaker.m in Sources */,
				21CD08861D94DCF300B83D45 /* UIViewController+Extension.m in Sources */,
				21BA06DB1D94E54D00F1FACA /* UIImage+GIF.m in Sources */,
				21BA06B61D94E54D00F1FACA /* NSObject+MJKeyValue.m in Sources */,
				21BA06D41D94E54D00F1FACA /* SDWebImageCompat.m in Sources */,
				21CD08891D94DD0400B83D45 /* UIImageView+Extension.m in Sources */,
				21BA06A51D94E54D00F1FACA /* UIActivityIndicatorView+AFNetworking.m in Sources */,
				21BA070E1D94ED7700F1FACA /* BaseViewController.m in Sources */,
				21CD081B1D94CF0F00B83D45 /* ViewController.m in Sources */,
				21BA06CF1D94E54D00F1FACA /* README.md in Sources */,
				21BA06DD1D94E54D00F1FACA /* UIImageView+HighlightedWebCache.m in Sources */,
				21CD08181D94CF0F00B83D45 /* AppDelegate.m in Sources */,
				21CD087A1D94DB7100B83D45 /* UIBarButtonItem+LH.m in Sources */,
				21BA06C01D94E54D00F1FACA /* MJRefreshAutoGifFooter.m in Sources */,
				21BA06CB1D94E54D00F1FACA /* NSBundle+MJRefresh.m in Sources */,
				21BA07031D94E5F600F1FACA /* MASViewConstraint.m in Sources */,
				21BA07041D94E5F600F1FACA /* NSArray+MASAdditions.m in Sources */,
				21BA07081D94E5F600F1FACA /* README.md in Sources */,
				21BA07071D94E5F600F1FACA /* ViewController+MASAdditions.m in Sources */,
				21BA06A91D94E54D00F1FACA /* UIRefreshControl+AFNetworking.m in Sources */,
				21BA06A71D94E54D00F1FACA /* UIImageView+AFNetworking.m in Sources */,
				21BA06D51D94E54D00F1FACA /* SDWebImageDecoder.m in Sources */,
				21BA06B81D94E54D00F1FACA /* NSString+MJExtension.m in Sources */,
				21BA069D1D94E54D00F1FACA /* AFURLRequestSerialization.m in Sources */,
				21CD08151D94CF0F00B83D45 /* main.m in Sources */,
				21BA06CD1D94E54D00F1FACA /* UIScrollView+MJRefresh.m in Sources */,
				21BA06D31D94E54D00F1FACA /* SDImageCache.m in Sources */,
				21BA06D91D94E54D00F1FACA /* SDWebImagePrefetcher.m in Sources */,
				21BA06D61D94E54D00F1FACA /* SDWebImageDownloader.m in Sources */,
				21BA07051D94E5F600F1FACA /* NSLayoutConstraint+MASDebugAdditions.m in Sources */,
				21BA06BF1D94E54D00F1FACA /* MJRefreshHeader.m in Sources */,
				21BA06C41D94E54D00F1FACA /* MJRefreshBackNormalFooter.m in Sources */,
				21BA06C81D94E54D00F1FACA /* MJRefreshStateHeader.m in Sources */,
				21BA06B51D94E54D00F1FACA /* NSObject+MJCoding.m in Sources */,
				21BA069E1D94E54D00F1FACA /* AFURLResponseSerialization.m in Sources */,
				21BA06B41D94E54D00F1FACA /* NSObject+MJClass.m in Sources */,
				21BA070B1D94E7B000F1FACA /* BaseTabBarController.m in Sources */,
				21CD08831D94DCDD00B83D45 /* UIImage+Extension.m in Sources */,
			);
			runOnlyForDeploymentPostprocessing = 0;
		};
		21CD08251D94CF0F00B83D45 /* Sources */ = {
			isa = PBXSourcesBuildPhase;
			buildActionMask = 2147483647;
			files = (
				21CD082E1D94CF0F00B83D45 /* GLinkTests.m in Sources */,
			);
			runOnlyForDeploymentPostprocessing = 0;
		};
		21CD08301D94CF0F00B83D45 /* Sources */ = {
			isa = PBXSourcesBuildPhase;
			buildActionMask = 2147483647;
			files = (
				21CD08391D94CF0F00B83D45 /* GLinkUITests.m in Sources */,
			);
			runOnlyForDeploymentPostprocessing = 0;
		};
/* End PBXSourcesBuildPhase section */

/* Begin PBXTargetDependency section */
		21CD082B1D94CF0F00B83D45 /* PBXTargetDependency */ = {
			isa = PBXTargetDependency;
			target = 21CD080F1D94CF0F00B83D45 /* Base */;
			targetProxy = 21CD082A1D94CF0F00B83D45 /* PBXContainerItemProxy */;
		};
		21CD08361D94CF0F00B83D45 /* PBXTargetDependency */ = {
			isa = PBXTargetDependency;
			target = 21CD080F1D94CF0F00B83D45 /* Base */;
			targetProxy = 21CD08351D94CF0F00B83D45 /* PBXContainerItemProxy */;
		};
/* End PBXTargetDependency section */

/* Begin PBXVariantGroup section */
		21CD081C1D94CF0F00B83D45 /* Main.storyboard */ = {
			isa = PBXVariantGroup;
			children = (
				21CD081D1D94CF0F00B83D45 /* Base */,
			);
			name = Main.storyboard;
			sourceTree = "<group>";
		};
		21CD08211D94CF0F00B83D45 /* LaunchScreen.storyboard */ = {
			isa = PBXVariantGroup;
			children = (
				21CD08221D94CF0F00B83D45 /* Base */,
			);
			name = LaunchScreen.storyboard;
			sourceTree = "<group>";
		};
/* End PBXVariantGroup section */

/* Begin XCBuildConfiguration section */
		21CD083B1D94CF0F00B83D45 /* Debug */ = {
			isa = XCBuildConfiguration;
			buildSettings = {
				ALWAYS_SEARCH_USER_PATHS = NO;
				CLANG_ANALYZER_NONNULL = YES;
				CLANG_CXX_LANGUAGE_STANDARD = "gnu++0x";
				CLANG_CXX_LIBRARY = "libc++";
				CLANG_ENABLE_MODULES = YES;
				CLANG_ENABLE_OBJC_ARC = YES;
				CLANG_WARN_BOOL_CONVERSION = YES;
				CLANG_WARN_CONSTANT_CONVERSION = YES;
				CLANG_WARN_DIRECT_OBJC_ISA_USAGE = YES_ERROR;
				CLANG_WARN_DOCUMENTATION_COMMENTS = YES;
				CLANG_WARN_EMPTY_BODY = YES;
				CLANG_WARN_ENUM_CONVERSION = YES;
				CLANG_WARN_INFINITE_RECURSION = YES;
				CLANG_WARN_INT_CONVERSION = YES;
				CLANG_WARN_OBJC_ROOT_CLASS = YES_ERROR;
				CLANG_WARN_SUSPICIOUS_MOVES = YES;
				CLANG_WARN_UNREACHABLE_CODE = YES;
				CLANG_WARN__DUPLICATE_METHOD_MATCH = YES;
				"CODE_SIGN_IDENTITY[sdk=iphoneos*]" = "iPhone Developer";
				COPY_PHASE_STRIP = NO;
				DEBUG_INFORMATION_FORMAT = dwarf;
				ENABLE_STRICT_OBJC_MSGSEND = YES;
				ENABLE_TESTABILITY = YES;
				GCC_C_LANGUAGE_STANDARD = gnu99;
				GCC_DYNAMIC_NO_PIC = NO;
				GCC_NO_COMMON_BLOCKS = YES;
				GCC_OPTIMIZATION_LEVEL = 0;
				GCC_PREPROCESSOR_DEFINITIONS = (
					"DEBUG=1",
					"$(inherited)",
				);
				GCC_WARN_64_TO_32_BIT_CONVERSION = YES;
				GCC_WARN_ABOUT_RETURN_TYPE = YES_ERROR;
				GCC_WARN_UNDECLARED_SELECTOR = YES;
				GCC_WARN_UNINITIALIZED_AUTOS = YES_AGGRESSIVE;
				GCC_WARN_UNUSED_FUNCTION = YES;
				GCC_WARN_UNUSED_VARIABLE = YES;
				IPHONEOS_DEPLOYMENT_TARGET = 10.0;
				MTL_ENABLE_DEBUG_INFO = YES;
				ONLY_ACTIVE_ARCH = YES;
				SDKROOT = iphoneos;
				TARGETED_DEVICE_FAMILY = "1,2";
			};
			name = Debug;
		};
		21CD083C1D94CF0F00B83D45 /* Release */ = {
			isa = XCBuildConfiguration;
			buildSettings = {
				ALWAYS_SEARCH_USER_PATHS = NO;
				CLANG_ANALYZER_NONNULL = YES;
				CLANG_CXX_LANGUAGE_STANDARD = "gnu++0x";
				CLANG_CXX_LIBRARY = "libc++";
				CLANG_ENABLE_MODULES = YES;
				CLANG_ENABLE_OBJC_ARC = YES;
				CLANG_WARN_BOOL_CONVERSION = YES;
				CLANG_WARN_CONSTANT_CONVERSION = YES;
				CLANG_WARN_DIRECT_OBJC_ISA_USAGE = YES_ERROR;
				CLANG_WARN_DOCUMENTATION_COMMENTS = YES;
				CLANG_WARN_EMPTY_BODY = YES;
				CLANG_WARN_ENUM_CONVERSION = YES;
				CLANG_WARN_INFINITE_RECURSION = YES;
				CLANG_WARN_INT_CONVERSION = YES;
				CLANG_WARN_OBJC_ROOT_CLASS = YES_ERROR;
				CLANG_WARN_SUSPICIOUS_MOVES = YES;
				CLANG_WARN_UNREACHABLE_CODE = YES;
				CLANG_WARN__DUPLICATE_METHOD_MATCH = YES;
				"CODE_SIGN_IDENTITY[sdk=iphoneos*]" = "iPhone Developer";
				COPY_PHASE_STRIP = NO;
				DEBUG_INFORMATION_FORMAT = "dwarf-with-dsym";
				ENABLE_NS_ASSERTIONS = NO;
				ENABLE_STRICT_OBJC_MSGSEND = YES;
				GCC_C_LANGUAGE_STANDARD = gnu99;
				GCC_NO_COMMON_BLOCKS = YES;
				GCC_WARN_64_TO_32_BIT_CONVERSION = YES;
				GCC_WARN_ABOUT_RETURN_TYPE = YES_ERROR;
				GCC_WARN_UNDECLARED_SELECTOR = YES;
				GCC_WARN_UNINITIALIZED_AUTOS = YES_AGGRESSIVE;
				GCC_WARN_UNUSED_FUNCTION = YES;
				GCC_WARN_UNUSED_VARIABLE = YES;
				IPHONEOS_DEPLOYMENT_TARGET = 10.0;
				MTL_ENABLE_DEBUG_INFO = NO;
				SDKROOT = iphoneos;
				TARGETED_DEVICE_FAMILY = "1,2";
				VALIDATE_PRODUCT = YES;
			};
			name = Release;
		};
		21CD083E1D94CF0F00B83D45 /* Debug */ = {
			isa = XCBuildConfiguration;
			buildSettings = {
				ASSETCATALOG_COMPILER_APPICON_NAME = AppIcon;
				DEVELOPMENT_TEAM = 6F8WFPS43G;
				GCC_PREFIX_HEADER = $SRCROOT/GLink/GLinkPrefix.pch;
				INFOPLIST_FILE = GLink/Info.plist;
				LD_RUNPATH_SEARCH_PATHS = "$(inherited) @executable_path/Frameworks";
				LIBRARY_SEARCH_PATHS = (
					"$(inherited)",
					"$(PROJECT_DIR)/GLink/Public/Helpers",
					"$(PROJECT_DIR)/GLink/Public/Helpers/Libs",
				);
				PRODUCT_BUNDLE_IDENTIFIER = XQOPEN.GLink;
				PRODUCT_NAME = "$(TARGET_NAME)";
			};
			name = Debug;
		};
		21CD083F1D94CF0F00B83D45 /* Release */ = {
			isa = XCBuildConfiguration;
			buildSettings = {
				ASSETCATALOG_COMPILER_APPICON_NAME = AppIcon;
				DEVELOPMENT_TEAM = 6F8WFPS43G;
				GCC_PREFIX_HEADER = $SRCROOT/GLink/GLinkPrefix.pch;
				INFOPLIST_FILE = GLink/Info.plist;
				LD_RUNPATH_SEARCH_PATHS = "$(inherited) @executable_path/Frameworks";
				LIBRARY_SEARCH_PATHS = (
					"$(inherited)",
					"$(PROJECT_DIR)/GLink/Public/Helpers",
					"$(PROJECT_DIR)/GLink/Public/Helpers/Libs",
				);
				PRODUCT_BUNDLE_IDENTIFIER = XQOPEN.GLink;
				PRODUCT_NAME = "$(TARGET_NAME)";
			};
			name = Release;
		};
		21CD08411D94CF0F00B83D45 /* Debug */ = {
			isa = XCBuildConfiguration;
			buildSettings = {
				BUNDLE_LOADER = "$(TEST_HOST)";
				DEVELOPMENT_TEAM = 6F8WFPS43G;
				INFOPLIST_FILE = GLinkTests/Info.plist;
				LD_RUNPATH_SEARCH_PATHS = "$(inherited) @executable_path/Frameworks @loader_path/Frameworks";
				PRODUCT_BUNDLE_IDENTIFIER = XQOPEN.GLinkTests;
				PRODUCT_NAME = "$(TARGET_NAME)";
				TEST_HOST = "$(BUILT_PRODUCTS_DIR)/Base.app/Base";
			};
			name = Debug;
		};
		21CD08421D94CF0F00B83D45 /* Release */ = {
			isa = XCBuildConfiguration;
			buildSettings = {
				BUNDLE_LOADER = "$(TEST_HOST)";
				DEVELOPMENT_TEAM = 6F8WFPS43G;
				INFOPLIST_FILE = GLinkTests/Info.plist;
				LD_RUNPATH_SEARCH_PATHS = "$(inherited) @executable_path/Frameworks @loader_path/Frameworks";
				PRODUCT_BUNDLE_IDENTIFIER = XQOPEN.GLinkTests;
				PRODUCT_NAME = "$(TARGET_NAME)";
				TEST_HOST = "$(BUILT_PRODUCTS_DIR)/Base.app/Base";
			};
			name = Release;
		};
		21CD08441D94CF0F00B83D45 /* Debug */ = {
			isa = XCBuildConfiguration;
			buildSettings = {
				DEVELOPMENT_TEAM = 6F8WFPS43G;
				INFOPLIST_FILE = GLinkUITests/Info.plist;
				LD_RUNPATH_SEARCH_PATHS = "$(inherited) @executable_path/Frameworks @loader_path/Frameworks";
				PRODUCT_BUNDLE_IDENTIFIER = XQOPEN.GLinkUITests;
				PRODUCT_NAME = "$(TARGET_NAME)";
				TEST_TARGET_NAME = GLink;
			};
			name = Debug;
		};
		21CD08451D94CF0F00B83D45 /* Release */ = {
			isa = XCBuildConfiguration;
			buildSettings = {
				DEVELOPMENT_TEAM = 6F8WFPS43G;
				INFOPLIST_FILE = GLinkUITests/Info.plist;
				LD_RUNPATH_SEARCH_PATHS = "$(inherited) @executable_path/Frameworks @loader_path/Frameworks";
				PRODUCT_BUNDLE_IDENTIFIER = XQOPEN.GLinkUITests;
				PRODUCT_NAME = "$(TARGET_NAME)";
				TEST_TARGET_NAME = GLink;
			};
			name = Release;
		};
/* End XCBuildConfiguration section */

/* Begin XCConfigurationList section */
		21CD080B1D94CF0F00B83D45 /* Build configuration list for PBXProject "Base" */ = {
			isa = XCConfigurationList;
			buildConfigurations = (
				21CD083B1D94CF0F00B83D45 /* Debug */,
				21CD083C1D94CF0F00B83D45 /* Release */,
			);
			defaultConfigurationIsVisible = 0;
			defaultConfigurationName = Release;
		};
		21CD083D1D94CF0F00B83D45 /* Build configuration list for PBXNativeTarget "Base" */ = {
			isa = XCConfigurationList;
			buildConfigurations = (
				21CD083E1D94CF0F00B83D45 /* Debug */,
				21CD083F1D94CF0F00B83D45 /* Release */,
			);
			defaultConfigurationIsVisible = 0;
			defaultConfigurationName = Release;
		};
		21CD08401D94CF0F00B83D45 /* Build configuration list for PBXNativeTarget "BaseTests" */ = {
			isa = XCConfigurationList;
			buildConfigurations = (
				21CD08411D94CF0F00B83D45 /* Debug */,
				21CD08421D94CF0F00B83D45 /* Release */,
			);
			defaultConfigurationIsVisible = 0;
			defaultConfigurationName = Release;
		};
		21CD08431D94CF0F00B83D45 /* Build configuration list for PBXNativeTarget "BaseUITests" */ = {
			isa = XCConfigurationList;
			buildConfigurations = (
				21CD08441D94CF0F00B83D45 /* Debug */,
				21CD08451D94CF0F00B83D45 /* Release */,
			);
			defaultConfigurationIsVisible = 0;
			defaultConfigurationName = Release;
		};
/* End XCConfigurationList section */
	};
	rootObject = 21CD08081D94CF0F00B83D45 /* Project object */;
}
